// !$*UTF8*$!
{
	archiveVersion = 1;
	classes = {
	};
	objectVersion = 77;
	objects = {

/* Begin PBXContainerItemProxy section */
		D8D70B5E2D5C69D100237360 /* PBXContainerItemProxy */ = {
			isa = PBXContainerItemProxy;
			containerPortal = D8D70B452D5C69CF00237360 /* Project object */;
			proxyType = 1;
			remoteGlobalIDString = D8D70B4C2D5C69CF00237360;
			remoteInfo = SwiftUIDay03Ex03;
		};
		D8D70B682D5C69D100237360 /* PBXContainerItemProxy */ = {
			isa = PBXContainerItemProxy;
			containerPortal = D8D70B452D5C69CF00237360 /* Project object */;
			proxyType = 1;
			remoteGlobalIDString = D8D70B4C2D5C69CF00237360;
			remoteInfo = SwiftUIDay03Ex03;
		};
/* End PBXContainerItemProxy section */

/* Begin PBXFileReference section */
		D8D70B4D2D5C69CF00237360 /* SwiftUIDay03Ex03.app */ = {isa = PBXFileReference; explicitFileType = wrapper.application; includeInIndex = 0; path = SwiftUIDay03Ex03.app; sourceTree = BUILT_PRODUCTS_DIR; };
		D8D70B5D2D5C69D100237360 /* SwiftUIDay03Ex03Tests.xctest */ = {isa = PBXFileReference; explicitFileType = wrapper.cfbundle; includeInIndex = 0; path = SwiftUIDay03Ex03Tests.xctest; sourceTree = BUILT_PRODUCTS_DIR; };
		D8D70B672D5C69D100237360 /* SwiftUIDay03Ex03UITests.xctest */ = {isa = PBXFileReference; explicitFileType = wrapper.cfbundle; includeInIndex = 0; path = SwiftUIDay03Ex03UITests.xctest; sourceTree = BUILT_PRODUCTS_DIR; };
/* End PBXFileReference section */

/* Begin PBXFileSystemSynchronizedRootGroup section */
		D8D70B4F2D5C69CF00237360 /* SwiftUIDay03Ex03 */ = {
			isa = PBXFileSystemSynchronizedRootGroup;
			path = SwiftUIDay03Ex03;
			sourceTree = "<group>";
		};
		D8D70B602D5C69D100237360 /* SwiftUIDay03Ex03Tests */ = {
			isa = PBXFileSystemSynchronizedRootGroup;
			path = SwiftUIDay03Ex03Tests;
			sourceTree = "<group>";
		};
		D8D70B6A2D5C69D100237360 /* SwiftUIDay03Ex03UITests */ = {
			isa = PBXFileSystemSynchronizedRootGroup;
			path = SwiftUIDay03Ex03UITests;
			sourceTree = "<group>";
		};
/* End PBXFileSystemSynchronizedRootGroup section */

/* Begin PBXFrameworksBuildPhase section */
		D8D70B4A2D5C69CF00237360 /* Frameworks */ = {
			isa = PBXFrameworksBuildPhase;
			buildActionMask = 2147483647;
			files = (
			);
			runOnlyForDeploymentPostprocessing = 0;
		};
		D8D70B5A2D5C69D100237360 /* Frameworks */ = {
			isa = PBXFrameworksBuildPhase;
			buildActionMask = 2147483647;
			files = (
			);
			runOnlyForDeploymentPostprocessing = 0;
		};
		D8D70B642D5C69D100237360 /* Frameworks */ = {
			isa = PBXFrameworksBuildPhase;
			buildActionMask = 2147483647;
			files = (
			);
			runOnlyForDeploymentPostprocessing = 0;
		};
/* End PBXFrameworksBuildPhase section */

/* Begin PBXGroup section */
		D8D70B442D5C69CF00237360 = {
			isa = PBXGroup;
			children = (
				D8D70B4F2D5C69CF00237360 /* SwiftUIDay03Ex03 */,
				D8D70B602D5C69D100237360 /* SwiftUIDay03Ex03Tests */,
				D8D70B6A2D5C69D100237360 /* SwiftUIDay03Ex03UITests */,
				D8D70B4E2D5C69CF00237360 /* Products */,
			);
			sourceTree = "<group>";
		};
		D8D70B4E2D5C69CF00237360 /* Products */ = {
			isa = PBXGroup;
			children = (
				D8D70B4D2D5C69CF00237360 /* SwiftUIDay03Ex03.app */,
				D8D70B5D2D5C69D100237360 /* SwiftUIDay03Ex03Tests.xctest */,
				D8D70B672D5C69D100237360 /* SwiftUIDay03Ex03UITests.xctest */,
			);
			name = Products;
			sourceTree = "<group>";
		};
/* End PBXGroup section */

/* Begin PBXNativeTarget section */
		D8D70B4C2D5C69CF00237360 /* SwiftUIDay03Ex03 */ = {
			isa = PBXNativeTarget;
			buildConfigurationList = D8D70B712D5C69D100237360 /* Build configuration list for PBXNativeTarget "SwiftUIDay03Ex03" */;
			buildPhases = (
				D8D70B492D5C69CF00237360 /* Sources */,
				D8D70B4A2D5C69CF00237360 /* Frameworks */,
				D8D70B4B2D5C69CF00237360 /* Resources */,
			);
			buildRules = (
			);
			dependencies = (
			);
			fileSystemSynchronizedGroups = (
				D8D70B4F2D5C69CF00237360 /* SwiftUIDay03Ex03 */,
			);
			name = SwiftUIDay03Ex03;
			packageProductDependencies = (
			);
			productName = SwiftUIDay03Ex03;
			productReference = D8D70B4D2D5C69CF00237360 /* SwiftUIDay03Ex03.app */;
			productType = "com.apple.product-type.application";
		};
		D8D70B5C2D5C69D100237360 /* SwiftUIDay03Ex03Tests */ = {
			isa = PBXNativeTarget;
			buildConfigurationList = D8D70B742D5C69D100237360 /* Build configuration list for PBXNativeTarget "SwiftUIDay03Ex03Tests" */;
			buildPhases = (
				D8D70B592D5C69D100237360 /* Sources */,
				D8D70B5A2D5C69D100237360 /* Frameworks */,
				D8D70B5B2D5C69D100237360 /* Resources */,
			);
			buildRules = (
			);
			dependencies = (
				D8D70B5F2D5C69D100237360 /* PBXTargetDependency */,
			);
			fileSystemSynchronizedGroups = (
				D8D70B602D5C69D100237360 /* SwiftUIDay03Ex03Tests */,
			);
			name = SwiftUIDay03Ex03Tests;
			packageProductDependencies = (
			);
			productName = SwiftUIDay03Ex03Tests;
			productReference = D8D70B5D2D5C69D100237360 /* SwiftUIDay03Ex03Tests.xctest */;
			productType = "com.apple.product-type.bundle.unit-test";
		};
		D8D70B662D5C69D100237360 /* SwiftUIDay03Ex03UITests */ = {
			isa = PBXNativeTarget;
			buildConfigurationList = D8D70B772D5C69D100237360 /* Build configuration list for PBXNativeTarget "SwiftUIDay03Ex03UITests" */;
			buildPhases = (
				D8D70B632D5C69D100237360 /* Sources */,
				D8D70B642D5C69D100237360 /* Frameworks */,
				D8D70B652D5C69D100237360 /* Resources */,
			);
			buildRules = (
			);
			dependencies = (
				D8D70B692D5C69D100237360 /* PBXTargetDependency */,
			);
			fileSystemSynchronizedGroups = (
				D8D70B6A2D5C69D100237360 /* SwiftUIDay03Ex03UITests */,
			);
			name = SwiftUIDay03Ex03UITests;
			packageProductDependencies = (
			);
			productName = SwiftUIDay03Ex03UITests;
			productReference = D8D70B672D5C69D100237360 /* SwiftUIDay03Ex03UITests.xctest */;
			productType = "com.apple.product-type.bundle.ui-testing";
		};
/* End PBXNativeTarget section */

/* Begin PBXProject section */
		D8D70B452D5C69CF00237360 /* Project object */ = {
			isa = PBXProject;
			attributes = {
				BuildIndependentTargetsInParallel = 1;
				LastSwiftUpdateCheck = 1620;
				LastUpgradeCheck = 1620;
				TargetAttributes = {
					D8D70B4C2D5C69CF00237360 = {
						CreatedOnToolsVersion = 16.2;
					};
					D8D70B5C2D5C69D100237360 = {
						CreatedOnToolsVersion = 16.2;
						TestTargetID = D8D70B4C2D5C69CF00237360;
					};
					D8D70B662D5C69D100237360 = {
						CreatedOnToolsVersion = 16.2;
						TestTargetID = D8D70B4C2D5C69CF00237360;
					};
				};
			};
			buildConfigurationList = D8D70B482D5C69CF00237360 /* Build configuration list for PBXProject "SwiftUIDay03Ex03" */;
			developmentRegion = en;
			hasScannedForEncodings = 0;
			knownRegions = (
				en,
				Base,
			);
			mainGroup = D8D70B442D5C69CF00237360;
			minimizedProjectReferenceProxies = 1;
			preferredProjectObjectVersion = 77;
			productRefGroup = D8D70B4E2D5C69CF00237360 /* Products */;
			projectDirPath = "";
			projectRoot = "";
			targets = (
				D8D70B4C2D5C69CF00237360 /* SwiftUIDay03Ex03 */,
				D8D70B5C2D5C69D100237360 /* SwiftUIDay03Ex03Tests */,
				D8D70B662D5C69D100237360 /* SwiftUIDay03Ex03UITests */,
			);
		};
/* End PBXProject section */

/* Begin PBXResourcesBuildPhase section */
		D8D70B4B2D5C69CF00237360 /* Resources */ = {
			isa = PBXResourcesBuildPhase;
			buildActionMask = 2147483647;
			files = (
			);
			runOnlyForDeploymentPostprocessing = 0;
		};
		D8D70B5B2D5C69D100237360 /* Resources */ = {
			isa = PBXResourcesBuildPhase;
			buildActionMask = 2147483647;
			files = (
			);
			runOnlyForDeploymentPostprocessing = 0;
		};
		D8D70B652D5C69D100237360 /* Resources */ = {
			isa = PBXResourcesBuildPhase;
			buildActionMask = 2147483647;
			files = (
			);
			runOnlyForDeploymentPostprocessing = 0;
		};
/* End PBXResourcesBuildPhase section */

/* Begin PBXSourcesBuildPhase section */
		D8D70B492D5C69CF00237360 /* Sources */ = {
			isa = PBXSourcesBuildPhase;
			buildActionMask = 2147483647;
			files = (
			);
			runOnlyForDeploymentPostprocessing = 0;
		};
		D8D70B592D5C69D100237360 /* Sources */ = {
			isa = PBXSourcesBuildPhase;
			buildActionMask = 2147483647;
			files = (
			);
			runOnlyForDeploymentPostprocessing = 0;
		};
		D8D70B632D5C69D100237360 /* Sources */ = {
			isa = PBXSourcesBuildPhase;
			buildActionMask = 2147483647;
			files = (
			);
			runOnlyForDeploymentPostprocessing = 0;
		};
/* End PBXSourcesBuildPhase section */

/* Begin PBXTargetDependency section */
		D8D70B5F2D5C69D100237360 /* PBXTargetDependency */ = {
			isa = PBXTargetDependency;
			target = D8D70B4C2D5C69CF00237360 /* SwiftUIDay03Ex03 */;
			targetProxy = D8D70B5E2D5C69D100237360 /* PBXContainerItemProxy */;
		};
		D8D70B692D5C69D100237360 /* PBXTargetDependency */ = {
			isa = PBXTargetDependency;
			target = D8D70B4C2D5C69CF00237360 /* SwiftUIDay03Ex03 */;
			targetProxy = D8D70B682D5C69D100237360 /* PBXContainerItemProxy */;
		};
/* End PBXTargetDependency section */

/* Begin XCBuildConfiguration section */
		D8D70B6F2D5C69D100237360 /* Debug */ = {
			isa = XCBuildConfiguration;
			buildSettings = {
				ALWAYS_SEARCH_USER_PATHS = NO;
				ASSETCATALOG_COMPILER_GENERATE_SWIFT_ASSET_SYMBOL_EXTENSIONS = YES;
				CLANG_ANALYZER_NONNULL = YES;
				CLANG_ANALYZER_NUMBER_OBJECT_CONVERSION = YES_AGGRESSIVE;
				CLANG_CXX_LANGUAGE_STANDARD = "gnu++20";
				CLANG_ENABLE_MODULES = YES;
				CLANG_ENABLE_OBJC_ARC = YES;
				CLANG_ENABLE_OBJC_WEAK = YES;
				CLANG_WARN_BLOCK_CAPTURE_AUTORELEASING = YES;
				CLANG_WARN_BOOL_CONVERSION = YES;
				CLANG_WARN_COMMA = YES;
				CLANG_WARN_CONSTANT_CONVERSION = YES;
				CLANG_WARN_DEPRECATED_OBJC_IMPLEMENTATIONS = YES;
				CLANG_WARN_DIRECT_OBJC_ISA_USAGE = YES_ERROR;
				CLANG_WARN_DOCUMENTATION_COMMENTS = YES;
				CLANG_WARN_EMPTY_BODY = YES;
				CLANG_WARN_ENUM_CONVERSION = YES;
				CLANG_WARN_INFINITE_RECURSION = YES;
				CLANG_WARN_INT_CONVERSION = YES;
				CLANG_WARN_NON_LITERAL_NULL_CONVERSION = YES;
				CLANG_WARN_OBJC_IMPLICIT_RETAIN_SELF = YES;
				CLANG_WARN_OBJC_LITERAL_CONVERSION = YES;
				CLANG_WARN_OBJC_ROOT_CLASS = YES_ERROR;
				CLANG_WARN_QUOTED_INCLUDE_IN_FRAMEWORK_HEADER = YES;
				CLANG_WARN_RANGE_LOOP_ANALYSIS = YES;
				CLANG_WARN_STRICT_PROTOTYPES = YES;
				CLANG_WARN_SUSPICIOUS_MOVE = YES;
				CLANG_WARN_UNGUARDED_AVAILABILITY = YES_AGGRESSIVE;
				CLANG_WARN_UNREACHABLE_CODE = YES;
				CLANG_WARN__DUPLICATE_METHOD_MATCH = YES;
				COPY_PHASE_STRIP = NO;
				DEBUG_INFORMATION_FORMAT = dwarf;
				ENABLE_STRICT_OBJC_MSGSEND = YES;
				ENABLE_TESTABILITY = YES;
				ENABLE_USER_SCRIPT_SANDBOXING = YES;
				GCC_C_LANGUAGE_STANDARD = gnu17;
				GCC_DYNAMIC_NO_PIC = NO;
				GCC_NO_COMMON_BLOCKS = YES;
				GCC_OPTIMIZATION_LEVEL = 0;
				GCC_PREPROCESSOR_DEFINITIONS = (
					"DEBUG=1",
					"$(inherited)",
				);
				GCC_WARN_64_TO_32_BIT_CONVERSION = YES;
				GCC_WARN_ABOUT_RETURN_TYPE = YES_ERROR;
				GCC_WARN_UNDECLARED_SELECTOR = YES;
				GCC_WARN_UNINITIALIZED_AUTOS = YES_AGGRESSIVE;
				GCC_WARN_UNUSED_FUNCTION = YES;
				GCC_WARN_UNUSED_VARIABLE = YES;
				IPHONEOS_DEPLOYMENT_TARGET = 18.2;
				LOCALIZATION_PREFERS_STRING_CATALOGS = YES;
				MTL_ENABLE_DEBUG_INFO = INCLUDE_SOURCE;
				MTL_FAST_MATH = YES;
				ONLY_ACTIVE_ARCH = YES;
				SDKROOT = iphoneos;
				SWIFT_ACTIVE_COMPILATION_CONDITIONS = "DEBUG $(inherited)";
				SWIFT_OPTIMIZATION_LEVEL = "-Onone";
			};
			name = Debug;
		};
		D8D70B702D5C69D100237360 /* Release */ = {
			isa = XCBuildConfiguration;
			buildSettings = {
				ALWAYS_SEARCH_USER_PATHS = NO;
				ASSETCATALOG_COMPILER_GENERATE_SWIFT_ASSET_SYMBOL_EXTENSIONS = YES;
				CLANG_ANALYZER_NONNULL = YES;
				CLANG_ANALYZER_NUMBER_OBJECT_CONVERSION = YES_AGGRESSIVE;
				CLANG_CXX_LANGUAGE_STANDARD = "gnu++20";
				CLANG_ENABLE_MODULES = YES;
				CLANG_ENABLE_OBJC_ARC = YES;
				CLANG_ENABLE_OBJC_WEAK = YES;
				CLANG_WARN_BLOCK_CAPTURE_AUTORELEASING = YES;
				CLANG_WARN_BOOL_CONVERSION = YES;
				CLANG_WARN_COMMA = YES;
				CLANG_WARN_CONSTANT_CONVERSION = YES;
				CLANG_WARN_DEPRECATED_OBJC_IMPLEMENTATIONS = YES;
				CLANG_WARN_DIRECT_OBJC_ISA_USAGE = YES_ERROR;
				CLANG_WARN_DOCUMENTATION_COMMENTS = YES;
				CLANG_WARN_EMPTY_BODY = YES;
				CLANG_WARN_ENUM_CONVERSION = YES;
				CLANG_WARN_INFINITE_RECURSION = YES;
				CLANG_WARN_INT_CONVERSION = YES;
				CLANG_WARN_NON_LITERAL_NULL_CONVERSION = YES;
				CLANG_WARN_OBJC_IMPLICIT_RETAIN_SELF = YES;
				CLANG_WARN_OBJC_LITERAL_CONVERSION = YES;
				CLANG_WARN_OBJC_ROOT_CLASS = YES_ERROR;
				CLANG_WARN_QUOTED_INCLUDE_IN_FRAMEWORK_HEADER = YES;
				CLANG_WARN_RANGE_LOOP_ANALYSIS = YES;
				CLANG_WARN_STRICT_PROTOTYPES = YES;
				CLANG_WARN_SUSPICIOUS_MOVE = YES;
				CLANG_WARN_UNGUARDED_AVAILABILITY = YES_AGGRESSIVE;
				CLANG_WARN_UNREACHABLE_CODE = YES;
				CLANG_WARN__DUPLICATE_METHOD_MATCH = YES;
				COPY_PHASE_STRIP = NO;
				DEBUG_INFORMATION_FORMAT = "dwarf-with-dsym";
				ENABLE_NS_ASSERTIONS = NO;
				ENABLE_STRICT_OBJC_MSGSEND = YES;
				ENABLE_USER_SCRIPT_SANDBOXING = YES;
				GCC_C_LANGUAGE_STANDARD = gnu17;
				GCC_NO_COMMON_BLOCKS = YES;
				GCC_WARN_64_TO_32_BIT_CONVERSION = YES;
				GCC_WARN_ABOUT_RETURN_TYPE = YES_ERROR;
				GCC_WARN_UNDECLARED_SELECTOR = YES;
				GCC_WARN_UNINITIALIZED_AUTOS = YES_AGGRESSIVE;
				GCC_WARN_UNUSED_FUNCTION = YES;
				GCC_WARN_UNUSED_VARIABLE = YES;
				IPHONEOS_DEPLOYMENT_TARGET = 18.2;
				LOCALIZATION_PREFERS_STRING_CATALOGS = YES;
				MTL_ENABLE_DEBUG_INFO = NO;
				MTL_FAST_MATH = YES;
				SDKROOT = iphoneos;
				SWIFT_COMPILATION_MODE = wholemodule;
				VALIDATE_PRODUCT = YES;
			};
			name = Release;
		};
		D8D70B722D5C69D100237360 /* Debug */ = {
			isa = XCBuildConfiguration;
			buildSettings = {
				ASSETCATALOG_COMPILER_APPICON_NAME = AppIcon;
				ASSETCATALOG_COMPILER_GLOBAL_ACCENT_COLOR_NAME = AccentColor;
				CODE_SIGN_STYLE = Automatic;
				CURRENT_PROJECT_VERSION = 1;
				DEVELOPMENT_ASSET_PATHS = "\"SwiftUIDay03Ex03/Preview Content\"";
				DEVELOPMENT_TEAM = C8K6GA5ZH9;
				ENABLE_PREVIEWS = YES;
				GENERATE_INFOPLIST_FILE = YES;
				INFOPLIST_KEY_UIApplicationSceneManifest_Generation = YES;
				INFOPLIST_KEY_UIApplicationSupportsIndirectInputEvents = YES;
				INFOPLIST_KEY_UILaunchScreen_Generation = YES;
				INFOPLIST_KEY_UISupportedInterfaceOrientations_iPad = "UIInterfaceOrientationPortrait UIInterfaceOrientationPortraitUpsideDown UIInterfaceOrientationLandscapeLeft UIInterfaceOrientationLandscapeRight";
				INFOPLIST_KEY_UISupportedInterfaceOrientations_iPhone = "UIInterfaceOrientationPortrait UIInterfaceOrientationLandscapeLeft UIInterfaceOrientationLandscapeRight";
				LD_RUNPATH_SEARCH_PATHS = (
					"$(inherited)",
					"@executable_path/Frameworks",
				);
				MARKETING_VERSION = 1.0;
				PRODUCT_BUNDLE_IDENTIFIER = org.comstudy.myapp.SwiftUIDay03Ex03;
				PRODUCT_NAME = "$(TARGET_NAME)";
				SWIFT_EMIT_LOC_STRINGS = YES;
				SWIFT_VERSION = 5.0;
				TARGETED_DEVICE_FAMILY = "1,2";
			};
			name = Debug;
		};
		D8D70B732D5C69D100237360 /* Release */ = {
			isa = XCBuildConfiguration;
			buildSettings = {
				ASSETCATALOG_COMPILER_APPICON_NAME = AppIcon;
				ASSETCATALOG_COMPILER_GLOBAL_ACCENT_COLOR_NAME = AccentColor;
				CODE_SIGN_STYLE = Automatic;
				CURRENT_PROJECT_VERSION = 1;
				DEVELOPMENT_ASSET_PATHS = "\"SwiftUIDay03Ex03/Preview Content\"";
				DEVELOPMENT_TEAM = C8K6GA5ZH9;
				ENABLE_PREVIEWS = YES;
				GENERATE_INFOPLIST_FILE = YES;
				INFOPLIST_KEY_UIApplicationSceneManifest_Generation = YES;
				INFOPLIST_KEY_UIApplicationSupportsIndirectInputEvents = YES;
				INFOPLIST_KEY_UILaunchScreen_Generation = YES;
				INFOPLIST_KEY_UISupportedInterfaceOrientations_iPad = "UIInterfaceOrientationPortrait UIInterfaceOrientationPortraitUpsideDown UIInterfaceOrientationLandscapeLeft UIInterfaceOrientationLandscapeRight";
				INFOPLIST_KEY_UISupportedInterfaceOrientations_iPhone = "UIInterfaceOrientationPortrait UIInterfaceOrientationLandscapeLeft UIInterfaceOrientationLandscapeRight";
				LD_RUNPATH_SEARCH_PATHS = (
					"$(inherited)",
					"@executable_path/Frameworks",
				);
				MARKETING_VERSION = 1.0;
				PRODUCT_BUNDLE_IDENTIFIER = org.comstudy.myapp.SwiftUIDay03Ex03;
				PRODUCT_NAME = "$(TARGET_NAME)";
				SWIFT_EMIT_LOC_STRINGS = YES;
				SWIFT_VERSION = 5.0;
				TARGETED_DEVICE_FAMILY = "1,2";
			};
			name = Release;
		};
		D8D70B752D5C69D100237360 /* Debug */ = {
			isa = XCBuildConfiguration;
			buildSettings = {
				BUNDLE_LOADER = "$(TEST_HOST)";
				CODE_SIGN_STYLE = Automatic;
				CURRENT_PROJECT_VERSION = 1;
				DEVELOPMENT_TEAM = C8K6GA5ZH9;
				GENERATE_INFOPLIST_FILE = YES;
				IPHONEOS_DEPLOYMENT_TARGET = 18.2;
				MARKETING_VERSION = 1.0;
				PRODUCT_BUNDLE_IDENTIFIER = org.comstudy.myapp.SwiftUIDay03Ex03Tests;
				PRODUCT_NAME = "$(TARGET_NAME)";
				SWIFT_EMIT_LOC_STRINGS = NO;
				SWIFT_VERSION = 5.0;
				TARGETED_DEVICE_FAMILY = "1,2";
				TEST_HOST = "$(BUILT_PRODUCTS_DIR)/SwiftUIDay03Ex03.app/$(BUNDLE_EXECUTABLE_FOLDER_PATH)/SwiftUIDay03Ex03";
			};
			name = Debug;
		};
		D8D70B762D5C69D100237360 /* Release */ = {
			isa = XCBuildConfiguration;
			buildSettings = {
				BUNDLE_LOADER = "$(TEST_HOST)";
				CODE_SIGN_STYLE = Automatic;
				CURRENT_PROJECT_VERSION = 1;
				DEVELOPMENT_TEAM = C8K6GA5ZH9;
				GENERATE_INFOPLIST_FILE = YES;
				IPHONEOS_DEPLOYMENT_TARGET = 18.2;
				MARKETING_VERSION = 1.0;
				PRODUCT_BUNDLE_IDENTIFIER = org.comstudy.myapp.SwiftUIDay03Ex03Tests;
				PRODUCT_NAME = "$(TARGET_NAME)";
				SWIFT_EMIT_LOC_STRINGS = NO;
				SWIFT_VERSION = 5.0;
				TARGETED_DEVICE_FAMILY = "1,2";
				TEST_HOST = "$(BUILT_PRODUCTS_DIR)/SwiftUIDay03Ex03.app/$(BUNDLE_EXECUTABLE_FOLDER_PATH)/SwiftUIDay03Ex03";
			};
			name = Release;
		};
		D8D70B782D5C69D100237360 /* Debug */ = {
			isa = XCBuildConfiguration;
			buildSettings = {
				CODE_SIGN_STYLE = Automatic;
				CURRENT_PROJECT_VERSION = 1;
				DEVELOPMENT_TEAM = C8K6GA5ZH9;
				GENERATE_INFOPLIST_FILE = YES;
				MARKETING_VERSION = 1.0;
				PRODUCT_BUNDLE_IDENTIFIER = org.comstudy.myapp.SwiftUIDay03Ex03UITests;
				PRODUCT_NAME = "$(TARGET_NAME)";
				SWIFT_EMIT_LOC_STRINGS = NO;
				SWIFT_VERSION = 5.0;
				TARGETED_DEVICE_FAMILY = "1,2";
				TEST_TARGET_NAME = SwiftUIDay03Ex03;
			};
			name = Debug;
		};
		D8D70B792D5C69D100237360 /* Release */ = {
			isa = XCBuildConfiguration;
			buildSettings = {
				CODE_SIGN_STYLE = Automatic;
				CURRENT_PROJECT_VERSION = 1;
				DEVELOPMENT_TEAM = C8K6GA5ZH9;
				GENERATE_INFOPLIST_FILE = YES;
				MARKETING_VERSION = 1.0;
				PRODUCT_BUNDLE_IDENTIFIER = org.comstudy.myapp.SwiftUIDay03Ex03UITests;
				PRODUCT_NAME = "$(TARGET_NAME)";
				SWIFT_EMIT_LOC_STRINGS = NO;
				SWIFT_VERSION = 5.0;
				TARGETED_DEVICE_FAMILY = "1,2";
				TEST_TARGET_NAME = SwiftUIDay03Ex03;
			};
			name = Release;
		};
/* End XCBuildConfiguration section */

/* Begin XCConfigurationList section */
		D8D70B482D5C69CF00237360 /* Build configuration list for PBXProject "SwiftUIDay03Ex03" */ = {
			isa = XCConfigurationList;
			buildConfigurations = (
				D8D70B6F2D5C69D100237360 /* Debug */,
				D8D70B702D5C69D100237360 /* Release */,
			);
			defaultConfigurationIsVisible = 0;
			defaultConfigurationName = Release;
		};
		D8D70B712D5C69D100237360 /* Build configuration list for PBXNativeTarget "SwiftUIDay03Ex03" */ = {
			isa = XCConfigurationList;
			buildConfigurations = (
				D8D70B722D5C69D100237360 /* Debug */,
				D8D70B732D5C69D100237360 /* Release */,
			);
			defaultConfigurationIsVisible = 0;
			defaultConfigurationName = Release;
		};
		D8D70B742D5C69D100237360 /* Build configuration list for PBXNativeTarget "SwiftUIDay03Ex03Tests" */ = {
			isa = XCConfigurationList;
			buildConfigurations = (
				D8D70B752D5C69D100237360 /* Debug */,
				D8D70B762D5C69D100237360 /* Release */,
			);
			defaultConfigurationIsVisible = 0;
			defaultConfigurationName = Release;
		};
		D8D70B772D5C69D100237360 /* Build configuration list for PBXNativeTarget "SwiftUIDay03Ex03UITests" */ = {
			isa = XCConfigurationList;
			buildConfigurations = (
				D8D70B782D5C69D100237360 /* Debug */,
				D8D70B792D5C69D100237360 /* Release */,
			);
			defaultConfigurationIsVisible = 0;
			defaultConfigurationName = Release;
		};
/* End XCConfigurationList section */
	};
	rootObject = D8D70B452D5C69CF00237360 /* Project object */;
}
