// !$*UTF8*$!
{
	archiveVersion = 1;
	classes = {
	};
	objectVersion = 77;
	objects = {

/* Begin PBXContainerItemProxy section */
		D8CF11142D5ADD26009D296F /* PBXContainerItemProxy */ = {
			isa = PBXContainerItemProxy;
			containerPortal = D8CF10FB2D5ADD25009D296F /* Project object */;
			proxyType = 1;
			remoteGlobalIDString = D8CF11022D5ADD25009D296F;
			remoteInfo = SwiftUIDay10Ex01;
		};
		D8CF111E2D5ADD26009D296F /* PBXContainerItemProxy */ = {
			isa = PBXContainerItemProxy;
			containerPortal = D8CF10FB2D5ADD25009D296F /* Project object */;
			proxyType = 1;
			remoteGlobalIDString = D8CF11022D5ADD25009D296F;
			remoteInfo = SwiftUIDay10Ex01;
		};
/* End PBXContainerItemProxy section */

/* Begin PBXFileReference section */
		D8CF11032D5ADD25009D296F /* SwiftUIDay10Ex01.app */ = {isa = PBXFileReference; explicitFileType = wrapper.application; includeInIndex = 0; path = SwiftUIDay10Ex01.app; sourceTree = BUILT_PRODUCTS_DIR; };
		D8CF11132D5ADD26009D296F /* SwiftUIDay10Ex01Tests.xctest */ = {isa = PBXFileReference; explicitFileType = wrapper.cfbundle; includeInIndex = 0; path = SwiftUIDay10Ex01Tests.xctest; sourceTree = BUILT_PRODUCTS_DIR; };
		D8CF111D2D5ADD26009D296F /* SwiftUIDay10Ex01UITests.xctest */ = {isa = PBXFileReference; explicitFileType = wrapper.cfbundle; includeInIndex = 0; path = SwiftUIDay10Ex01UITests.xctest; sourceTree = BUILT_PRODUCTS_DIR; };
/* End PBXFileReference section */

/* Begin PBXFileSystemSynchronizedRootGroup section */
		D8CF11052D5ADD25009D296F /* SwiftUIDay10Ex01 */ = {
			isa = PBXFileSystemSynchronizedRootGroup;
			path = SwiftUIDay10Ex01;
			sourceTree = "<group>";
		};
		D8CF11162D5ADD26009D296F /* SwiftUIDay10Ex01Tests */ = {
			isa = PBXFileSystemSynchronizedRootGroup;
			path = SwiftUIDay10Ex01Tests;
			sourceTree = "<group>";
		};
		D8CF11202D5ADD26009D296F /* SwiftUIDay10Ex01UITests */ = {
			isa = PBXFileSystemSynchronizedRootGroup;
			path = SwiftUIDay10Ex01UITests;
			sourceTree = "<group>";
		};
/* End PBXFileSystemSynchronizedRootGroup section */

/* Begin PBXFrameworksBuildPhase section */
		D8CF11002D5ADD25009D296F /* Frameworks */ = {
			isa = PBXFrameworksBuildPhase;
			buildActionMask = 2147483647;
			files = (
			);
			runOnlyForDeploymentPostprocessing = 0;
		};
		D8CF11102D5ADD26009D296F /* Frameworks */ = {
			isa = PBXFrameworksBuildPhase;
			buildActionMask = 2147483647;
			files = (
			);
			runOnlyForDeploymentPostprocessing = 0;
		};
		D8CF111A2D5ADD26009D296F /* Frameworks */ = {
			isa = PBXFrameworksBuildPhase;
			buildActionMask = 2147483647;
			files = (
			);
			runOnlyForDeploymentPostprocessing = 0;
		};
/* End PBXFrameworksBuildPhase section */

/* Begin PBXGroup section */
		D8CF10FA2D5ADD25009D296F = {
			isa = PBXGroup;
			children = (
				D8CF11052D5ADD25009D296F /* SwiftUIDay10Ex01 */,
				D8CF11162D5ADD26009D296F /* SwiftUIDay10Ex01Tests */,
				D8CF11202D5ADD26009D296F /* SwiftUIDay10Ex01UITests */,
				D8CF11042D5ADD25009D296F /* Products */,
			);
			sourceTree = "<group>";
		};
		D8CF11042D5ADD25009D296F /* Products */ = {
			isa = PBXGroup;
			children = (
				D8CF11032D5ADD25009D296F /* SwiftUIDay10Ex01.app */,
				D8CF11132D5ADD26009D296F /* SwiftUIDay10Ex01Tests.xctest */,
				D8CF111D2D5ADD26009D296F /* SwiftUIDay10Ex01UITests.xctest */,
			);
			name = Products;
			sourceTree = "<group>";
		};
/* End PBXGroup section */

/* Begin PBXNativeTarget section */
		D8CF11022D5ADD25009D296F /* SwiftUIDay10Ex01 */ = {
			isa = PBXNativeTarget;
			buildConfigurationList = D8CF11272D5ADD26009D296F /* Build configuration list for PBXNativeTarget "SwiftUIDay10Ex01" */;
			buildPhases = (
				D8CF10FF2D5ADD25009D296F /* Sources */,
				D8CF11002D5ADD25009D296F /* Frameworks */,
				D8CF11012D5ADD25009D296F /* Resources */,
			);
			buildRules = (
			);
			dependencies = (
			);
			fileSystemSynchronizedGroups = (
				D8CF11052D5ADD25009D296F /* SwiftUIDay10Ex01 */,
			);
			name = SwiftUIDay10Ex01;
			packageProductDependencies = (
			);
			productName = SwiftUIDay10Ex01;
			productReference = D8CF11032D5ADD25009D296F /* SwiftUIDay10Ex01.app */;
			productType = "com.apple.product-type.application";
		};
		D8CF11122D5ADD26009D296F /* SwiftUIDay10Ex01Tests */ = {
			isa = PBXNativeTarget;
			buildConfigurationList = D8CF112A2D5ADD26009D296F /* Build configuration list for PBXNativeTarget "SwiftUIDay10Ex01Tests" */;
			buildPhases = (
				D8CF110F2D5ADD26009D296F /* Sources */,
				D8CF11102D5ADD26009D296F /* Frameworks */,
				D8CF11112D5ADD26009D296F /* Resources */,
			);
			buildRules = (
			);
			dependencies = (
				D8CF11152D5ADD26009D296F /* PBXTargetDependency */,
			);
			fileSystemSynchronizedGroups = (
				D8CF11162D5ADD26009D296F /* SwiftUIDay10Ex01Tests */,
			);
			name = SwiftUIDay10Ex01Tests;
			packageProductDependencies = (
			);
			productName = SwiftUIDay10Ex01Tests;
			productReference = D8CF11132D5ADD26009D296F /* SwiftUIDay10Ex01Tests.xctest */;
			productType = "com.apple.product-type.bundle.unit-test";
		};
		D8CF111C2D5ADD26009D296F /* SwiftUIDay10Ex01UITests */ = {
			isa = PBXNativeTarget;
			buildConfigurationList = D8CF112D2D5ADD26009D296F /* Build configuration list for PBXNativeTarget "SwiftUIDay10Ex01UITests" */;
			buildPhases = (
				D8CF11192D5ADD26009D296F /* Sources */,
				D8CF111A2D5ADD26009D296F /* Frameworks */,
				D8CF111B2D5ADD26009D296F /* Resources */,
			);
			buildRules = (
			);
			dependencies = (
				D8CF111F2D5ADD26009D296F /* PBXTargetDependency */,
			);
			fileSystemSynchronizedGroups = (
				D8CF11202D5ADD26009D296F /* SwiftUIDay10Ex01UITests */,
			);
			name = SwiftUIDay10Ex01UITests;
			packageProductDependencies = (
			);
			productName = SwiftUIDay10Ex01UITests;
			productReference = D8CF111D2D5ADD26009D296F /* SwiftUIDay10Ex01UITests.xctest */;
			productType = "com.apple.product-type.bundle.ui-testing";
		};
/* End PBXNativeTarget section */

/* Begin PBXProject section */
		D8CF10FB2D5ADD25009D296F /* Project object */ = {
			isa = PBXProject;
			attributes = {
				BuildIndependentTargetsInParallel = 1;
				LastSwiftUpdateCheck = 1620;
				LastUpgradeCheck = 1620;
				TargetAttributes = {
					D8CF11022D5ADD25009D296F = {
						CreatedOnToolsVersion = 16.2;
					};
					D8CF11122D5ADD26009D296F = {
						CreatedOnToolsVersion = 16.2;
						TestTargetID = D8CF11022D5ADD25009D296F;
					};
					D8CF111C2D5ADD26009D296F = {
						CreatedOnToolsVersion = 16.2;
						TestTargetID = D8CF11022D5ADD25009D296F;
					};
				};
			};
			buildConfigurationList = D8CF10FE2D5ADD25009D296F /* Build configuration list for PBXProject "SwiftUIDay10Ex01" */;
			developmentRegion = en;
			hasScannedForEncodings = 0;
			knownRegions = (
				en,
				Base,
			);
			mainGroup = D8CF10FA2D5ADD25009D296F;
			minimizedProjectReferenceProxies = 1;
			preferredProjectObjectVersion = 77;
			productRefGroup = D8CF11042D5ADD25009D296F /* Products */;
			projectDirPath = "";
			projectRoot = "";
			targets = (
				D8CF11022D5ADD25009D296F /* SwiftUIDay10Ex01 */,
				D8CF11122D5ADD26009D296F /* SwiftUIDay10Ex01Tests */,
				D8CF111C2D5ADD26009D296F /* SwiftUIDay10Ex01UITests */,
			);
		};
/* End PBXProject section */

/* Begin PBXResourcesBuildPhase section */
		D8CF11012D5ADD25009D296F /* Resources */ = {
			isa = PBXResourcesBuildPhase;
			buildActionMask = 2147483647;
			files = (
			);
			runOnlyForDeploymentPostprocessing = 0;
		};
		D8CF11112D5ADD26009D296F /* Resources */ = {
			isa = PBXResourcesBuildPhase;
			buildActionMask = 2147483647;
			files = (
			);
			runOnlyForDeploymentPostprocessing = 0;
		};
		D8CF111B2D5ADD26009D296F /* Resources */ = {
			isa = PBXResourcesBuildPhase;
			buildActionMask = 2147483647;
			files = (
			);
			runOnlyForDeploymentPostprocessing = 0;
		};
/* End PBXResourcesBuildPhase section */

/* Begin PBXSourcesBuildPhase section */
		D8CF10FF2D5ADD25009D296F /* Sources */ = {
			isa = PBXSourcesBuildPhase;
			buildActionMask = 2147483647;
			files = (
			);
			runOnlyForDeploymentPostprocessing = 0;
		};
		D8CF110F2D5ADD26009D296F /* Sources */ = {
			isa = PBXSourcesBuildPhase;
			buildActionMask = 2147483647;
			files = (
			);
			runOnlyForDeploymentPostprocessing = 0;
		};
		D8CF11192D5ADD26009D296F /* Sources */ = {
			isa = PBXSourcesBuildPhase;
			buildActionMask = 2147483647;
			files = (
			);
			runOnlyForDeploymentPostprocessing = 0;
		};
/* End PBXSourcesBuildPhase section */

/* Begin PBXTargetDependency section */
		D8CF11152D5ADD26009D296F /* PBXTargetDependency */ = {
			isa = PBXTargetDependency;
			target = D8CF11022D5ADD25009D296F /* SwiftUIDay10Ex01 */;
			targetProxy = D8CF11142D5ADD26009D296F /* PBXContainerItemProxy */;
		};
		D8CF111F2D5ADD26009D296F /* PBXTargetDependency */ = {
			isa = PBXTargetDependency;
			target = D8CF11022D5ADD25009D296F /* SwiftUIDay10Ex01 */;
			targetProxy = D8CF111E2D5ADD26009D296F /* PBXContainerItemProxy */;
		};
/* End PBXTargetDependency section */

/* Begin XCBuildConfiguration section */
		D8CF11252D5ADD26009D296F /* Debug */ = {
			isa = XCBuildConfiguration;
			buildSettings = {
				ALWAYS_SEARCH_USER_PATHS = NO;
				ASSETCATALOG_COMPILER_GENERATE_SWIFT_ASSET_SYMBOL_EXTENSIONS = YES;
				CLANG_ANALYZER_NONNULL = YES;
				CLANG_ANALYZER_NUMBER_OBJECT_CONVERSION = YES_AGGRESSIVE;
				CLANG_CXX_LANGUAGE_STANDARD = "gnu++20";
				CLANG_ENABLE_MODULES = YES;
				CLANG_ENABLE_OBJC_ARC = YES;
				CLANG_ENABLE_OBJC_WEAK = YES;
				CLANG_WARN_BLOCK_CAPTURE_AUTORELEASING = YES;
				CLANG_WARN_BOOL_CONVERSION = YES;
				CLANG_WARN_COMMA = YES;
				CLANG_WARN_CONSTANT_CONVERSION = YES;
				CLANG_WARN_DEPRECATED_OBJC_IMPLEMENTATIONS = YES;
				CLANG_WARN_DIRECT_OBJC_ISA_USAGE = YES_ERROR;
				CLANG_WARN_DOCUMENTATION_COMMENTS = YES;
				CLANG_WARN_EMPTY_BODY = YES;
				CLANG_WARN_ENUM_CONVERSION = YES;
				CLANG_WARN_INFINITE_RECURSION = YES;
				CLANG_WARN_INT_CONVERSION = YES;
				CLANG_WARN_NON_LITERAL_NULL_CONVERSION = YES;
				CLANG_WARN_OBJC_IMPLICIT_RETAIN_SELF = YES;
				CLANG_WARN_OBJC_LITERAL_CONVERSION = YES;
				CLANG_WARN_OBJC_ROOT_CLASS = YES_ERROR;
				CLANG_WARN_QUOTED_INCLUDE_IN_FRAMEWORK_HEADER = YES;
				CLANG_WARN_RANGE_LOOP_ANALYSIS = YES;
				CLANG_WARN_STRICT_PROTOTYPES = YES;
				CLANG_WARN_SUSPICIOUS_MOVE = YES;
				CLANG_WARN_UNGUARDED_AVAILABILITY = YES_AGGRESSIVE;
				CLANG_WARN_UNREACHABLE_CODE = YES;
				CLANG_WARN__DUPLICATE_METHOD_MATCH = YES;
				COPY_PHASE_STRIP = NO;
				DEBUG_INFORMATION_FORMAT = dwarf;
				ENABLE_STRICT_OBJC_MSGSEND = YES;
				ENABLE_TESTABILITY = YES;
				ENABLE_USER_SCRIPT_SANDBOXING = YES;
				GCC_C_LANGUAGE_STANDARD = gnu17;
				GCC_DYNAMIC_NO_PIC = NO;
				GCC_NO_COMMON_BLOCKS = YES;
				GCC_OPTIMIZATION_LEVEL = 0;
				GCC_PREPROCESSOR_DEFINITIONS = (
					"DEBUG=1",
					"$(inherited)",
				);
				GCC_WARN_64_TO_32_BIT_CONVERSION = YES;
				GCC_WARN_ABOUT_RETURN_TYPE = YES_ERROR;
				GCC_WARN_UNDECLARED_SELECTOR = YES;
				GCC_WARN_UNINITIALIZED_AUTOS = YES_AGGRESSIVE;
				GCC_WARN_UNUSED_FUNCTION = YES;
				GCC_WARN_UNUSED_VARIABLE = YES;
				IPHONEOS_DEPLOYMENT_TARGET = 18.2;
				LOCALIZATION_PREFERS_STRING_CATALOGS = YES;
				MTL_ENABLE_DEBUG_INFO = INCLUDE_SOURCE;
				MTL_FAST_MATH = YES;
				ONLY_ACTIVE_ARCH = YES;
				SDKROOT = iphoneos;
				SWIFT_ACTIVE_COMPILATION_CONDITIONS = "DEBUG $(inherited)";
				SWIFT_OPTIMIZATION_LEVEL = "-Onone";
			};
			name = Debug;
		};
		D8CF11262D5ADD26009D296F /* Release */ = {
			isa = XCBuildConfiguration;
			buildSettings = {
				ALWAYS_SEARCH_USER_PATHS = NO;
				ASSETCATALOG_COMPILER_GENERATE_SWIFT_ASSET_SYMBOL_EXTENSIONS = YES;
				CLANG_ANALYZER_NONNULL = YES;
				CLANG_ANALYZER_NUMBER_OBJECT_CONVERSION = YES_AGGRESSIVE;
				CLANG_CXX_LANGUAGE_STANDARD = "gnu++20";
				CLANG_ENABLE_MODULES = YES;
				CLANG_ENABLE_OBJC_ARC = YES;
				CLANG_ENABLE_OBJC_WEAK = YES;
				CLANG_WARN_BLOCK_CAPTURE_AUTORELEASING = YES;
				CLANG_WARN_BOOL_CONVERSION = YES;
				CLANG_WARN_COMMA = YES;
				CLANG_WARN_CONSTANT_CONVERSION = YES;
				CLANG_WARN_DEPRECATED_OBJC_IMPLEMENTATIONS = YES;
				CLANG_WARN_DIRECT_OBJC_ISA_USAGE = YES_ERROR;
				CLANG_WARN_DOCUMENTATION_COMMENTS = YES;
				CLANG_WARN_EMPTY_BODY = YES;
				CLANG_WARN_ENUM_CONVERSION = YES;
				CLANG_WARN_INFINITE_RECURSION = YES;
				CLANG_WARN_INT_CONVERSION = YES;
				CLANG_WARN_NON_LITERAL_NULL_CONVERSION = YES;
				CLANG_WARN_OBJC_IMPLICIT_RETAIN_SELF = YES;
				CLANG_WARN_OBJC_LITERAL_CONVERSION = YES;
				CLANG_WARN_OBJC_ROOT_CLASS = YES_ERROR;
				CLANG_WARN_QUOTED_INCLUDE_IN_FRAMEWORK_HEADER = YES;
				CLANG_WARN_RANGE_LOOP_ANALYSIS = YES;
				CLANG_WARN_STRICT_PROTOTYPES = YES;
				CLANG_WARN_SUSPICIOUS_MOVE = YES;
				CLANG_WARN_UNGUARDED_AVAILABILITY = YES_AGGRESSIVE;
				CLANG_WARN_UNREACHABLE_CODE = YES;
				CLANG_WARN__DUPLICATE_METHOD_MATCH = YES;
				COPY_PHASE_STRIP = NO;
				DEBUG_INFORMATION_FORMAT = "dwarf-with-dsym";
				ENABLE_NS_ASSERTIONS = NO;
				ENABLE_STRICT_OBJC_MSGSEND = YES;
				ENABLE_USER_SCRIPT_SANDBOXING = YES;
				GCC_C_LANGUAGE_STANDARD = gnu17;
				GCC_NO_COMMON_BLOCKS = YES;
				GCC_WARN_64_TO_32_BIT_CONVERSION = YES;
				GCC_WARN_ABOUT_RETURN_TYPE = YES_ERROR;
				GCC_WARN_UNDECLARED_SELECTOR = YES;
				GCC_WARN_UNINITIALIZED_AUTOS = YES_AGGRESSIVE;
				GCC_WARN_UNUSED_FUNCTION = YES;
				GCC_WARN_UNUSED_VARIABLE = YES;
				IPHONEOS_DEPLOYMENT_TARGET = 18.2;
				LOCALIZATION_PREFERS_STRING_CATALOGS = YES;
				MTL_ENABLE_DEBUG_INFO = NO;
				MTL_FAST_MATH = YES;
				SDKROOT = iphoneos;
				SWIFT_COMPILATION_MODE = wholemodule;
				VALIDATE_PRODUCT = YES;
			};
			name = Release;
		};
		D8CF11282D5ADD26009D296F /* Debug */ = {
			isa = XCBuildConfiguration;
			buildSettings = {
				ASSETCATALOG_COMPILER_APPICON_NAME = AppIcon;
				ASSETCATALOG_COMPILER_GLOBAL_ACCENT_COLOR_NAME = AccentColor;
				CODE_SIGN_STYLE = Automatic;
				CURRENT_PROJECT_VERSION = 1;
				DEVELOPMENT_ASSET_PATHS = "\"SwiftUIDay10Ex01/Preview Content\"";
				DEVELOPMENT_TEAM = C8K6GA5ZH9;
				ENABLE_PREVIEWS = YES;
				GENERATE_INFOPLIST_FILE = YES;
				INFOPLIST_KEY_UIApplicationSceneManifest_Generation = YES;
				INFOPLIST_KEY_UIApplicationSupportsIndirectInputEvents = YES;
				INFOPLIST_KEY_UILaunchScreen_Generation = YES;
				INFOPLIST_KEY_UISupportedInterfaceOrientations_iPad = "UIInterfaceOrientationPortrait UIInterfaceOrientationPortraitUpsideDown UIInterfaceOrientationLandscapeLeft UIInterfaceOrientationLandscapeRight";
				INFOPLIST_KEY_UISupportedInterfaceOrientations_iPhone = "UIInterfaceOrientationPortrait UIInterfaceOrientationLandscapeLeft UIInterfaceOrientationLandscapeRight";
				LD_RUNPATH_SEARCH_PATHS = (
					"$(inherited)",
					"@executable_path/Frameworks",
				);
				MARKETING_VERSION = 1.0;
				PRODUCT_BUNDLE_IDENTIFIER = org.comstudy.myapp.SwiftUIDay10Ex01;
				PRODUCT_NAME = "$(TARGET_NAME)";
				SWIFT_EMIT_LOC_STRINGS = YES;
				SWIFT_VERSION = 5.0;
				TARGETED_DEVICE_FAMILY = "1,2";
			};
			name = Debug;
		};
		D8CF11292D5ADD26009D296F /* Release */ = {
			isa = XCBuildConfiguration;
			buildSettings = {
				ASSETCATALOG_COMPILER_APPICON_NAME = AppIcon;
				ASSETCATALOG_COMPILER_GLOBAL_ACCENT_COLOR_NAME = AccentColor;
				CODE_SIGN_STYLE = Automatic;
				CURRENT_PROJECT_VERSION = 1;
				DEVELOPMENT_ASSET_PATHS = "\"SwiftUIDay10Ex01/Preview Content\"";
				DEVELOPMENT_TEAM = C8K6GA5ZH9;
				ENABLE_PREVIEWS = YES;
				GENERATE_INFOPLIST_FILE = YES;
				INFOPLIST_KEY_UIApplicationSceneManifest_Generation = YES;
				INFOPLIST_KEY_UIApplicationSupportsIndirectInputEvents = YES;
				INFOPLIST_KEY_UILaunchScreen_Generation = YES;
				INFOPLIST_KEY_UISupportedInterfaceOrientations_iPad = "UIInterfaceOrientationPortrait UIInterfaceOrientationPortraitUpsideDown UIInterfaceOrientationLandscapeLeft UIInterfaceOrientationLandscapeRight";
				INFOPLIST_KEY_UISupportedInterfaceOrientations_iPhone = "UIInterfaceOrientationPortrait UIInterfaceOrientationLandscapeLeft UIInterfaceOrientationLandscapeRight";
				LD_RUNPATH_SEARCH_PATHS = (
					"$(inherited)",
					"@executable_path/Frameworks",
				);
				MARKETING_VERSION = 1.0;
				PRODUCT_BUNDLE_IDENTIFIER = org.comstudy.myapp.SwiftUIDay10Ex01;
				PRODUCT_NAME = "$(TARGET_NAME)";
				SWIFT_EMIT_LOC_STRINGS = YES;
				SWIFT_VERSION = 5.0;
				TARGETED_DEVICE_FAMILY = "1,2";
			};
			name = Release;
		};
		D8CF112B2D5ADD26009D296F /* Debug */ = {
			isa = XCBuildConfiguration;
			buildSettings = {
				BUNDLE_LOADER = "$(TEST_HOST)";
				CODE_SIGN_STYLE = Automatic;
				CURRENT_PROJECT_VERSION = 1;
				DEVELOPMENT_TEAM = C8K6GA5ZH9;
				GENERATE_INFOPLIST_FILE = YES;
				IPHONEOS_DEPLOYMENT_TARGET = 18.2;
				MARKETING_VERSION = 1.0;
				PRODUCT_BUNDLE_IDENTIFIER = org.comstudy.myapp.SwiftUIDay10Ex01Tests;
				PRODUCT_NAME = "$(TARGET_NAME)";
				SWIFT_EMIT_LOC_STRINGS = NO;
				SWIFT_VERSION = 5.0;
				TARGETED_DEVICE_FAMILY = "1,2";
				TEST_HOST = "$(BUILT_PRODUCTS_DIR)/SwiftUIDay10Ex01.app/$(BUNDLE_EXECUTABLE_FOLDER_PATH)/SwiftUIDay10Ex01";
			};
			name = Debug;
		};
		D8CF112C2D5ADD26009D296F /* Release */ = {
			isa = XCBuildConfiguration;
			buildSettings = {
				BUNDLE_LOADER = "$(TEST_HOST)";
				CODE_SIGN_STYLE = Automatic;
				CURRENT_PROJECT_VERSION = 1;
				DEVELOPMENT_TEAM = C8K6GA5ZH9;
				GENERATE_INFOPLIST_FILE = YES;
				IPHONEOS_DEPLOYMENT_TARGET = 18.2;
				MARKETING_VERSION = 1.0;
				PRODUCT_BUNDLE_IDENTIFIER = org.comstudy.myapp.SwiftUIDay10Ex01Tests;
				PRODUCT_NAME = "$(TARGET_NAME)";
				SWIFT_EMIT_LOC_STRINGS = NO;
				SWIFT_VERSION = 5.0;
				TARGETED_DEVICE_FAMILY = "1,2";
				TEST_HOST = "$(BUILT_PRODUCTS_DIR)/SwiftUIDay10Ex01.app/$(BUNDLE_EXECUTABLE_FOLDER_PATH)/SwiftUIDay10Ex01";
			};
			name = Release;
		};
		D8CF112E2D5ADD26009D296F /* Debug */ = {
			isa = XCBuildConfiguration;
			buildSettings = {
				CODE_SIGN_STYLE = Automatic;
				CURRENT_PROJECT_VERSION = 1;
				DEVELOPMENT_TEAM = C8K6GA5ZH9;
				GENERATE_INFOPLIST_FILE = YES;
				MARKETING_VERSION = 1.0;
				PRODUCT_BUNDLE_IDENTIFIER = org.comstudy.myapp.SwiftUIDay10Ex01UITests;
				PRODUCT_NAME = "$(TARGET_NAME)";
				SWIFT_EMIT_LOC_STRINGS = NO;
				SWIFT_VERSION = 5.0;
				TARGETED_DEVICE_FAMILY = "1,2";
				TEST_TARGET_NAME = SwiftUIDay10Ex01;
			};
			name = Debug;
		};
		D8CF112F2D5ADD26009D296F /* Release */ = {
			isa = XCBuildConfiguration;
			buildSettings = {
				CODE_SIGN_STYLE = Automatic;
				CURRENT_PROJECT_VERSION = 1;
				DEVELOPMENT_TEAM = C8K6GA5ZH9;
				GENERATE_INFOPLIST_FILE = YES;
				MARKETING_VERSION = 1.0;
				PRODUCT_BUNDLE_IDENTIFIER = org.comstudy.myapp.SwiftUIDay10Ex01UITests;
				PRODUCT_NAME = "$(TARGET_NAME)";
				SWIFT_EMIT_LOC_STRINGS = NO;
				SWIFT_VERSION = 5.0;
				TARGETED_DEVICE_FAMILY = "1,2";
				TEST_TARGET_NAME = SwiftUIDay10Ex01;
			};
			name = Release;
		};
/* End XCBuildConfiguration section */

/* Begin XCConfigurationList section */
		D8CF10FE2D5ADD25009D296F /* Build configuration list for PBXProject "SwiftUIDay10Ex01" */ = {
			isa = XCConfigurationList;
			buildConfigurations = (
				D8CF11252D5ADD26009D296F /* Debug */,
				D8CF11262D5ADD26009D296F /* Release */,
			);
			defaultConfigurationIsVisible = 0;
			defaultConfigurationName = Release;
		};
		D8CF11272D5ADD26009D296F /* Build configuration list for PBXNativeTarget "SwiftUIDay10Ex01" */ = {
			isa = XCConfigurationList;
			buildConfigurations = (
				D8CF11282D5ADD26009D296F /* Debug */,
				D8CF11292D5ADD26009D296F /* Release */,
			);
			defaultConfigurationIsVisible = 0;
			defaultConfigurationName = Release;
		};
		D8CF112A2D5ADD26009D296F /* Build configuration list for PBXNativeTarget "SwiftUIDay10Ex01Tests" */ = {
			isa = XCConfigurationList;
			buildConfigurations = (
				D8CF112B2D5ADD26009D296F /* Debug */,
				D8CF112C2D5ADD26009D296F /* Release */,
			);
			defaultConfigurationIsVisible = 0;
			defaultConfigurationName = Release;
		};
		D8CF112D2D5ADD26009D296F /* Build configuration list for PBXNativeTarget "SwiftUIDay10Ex01UITests" */ = {
			isa = XCConfigurationList;
			buildConfigurations = (
				D8CF112E2D5ADD26009D296F /* Debug */,
				D8CF112F2D5ADD26009D296F /* Release */,
			);
			defaultConfigurationIsVisible = 0;
			defaultConfigurationName = Release;
		};
/* End XCConfigurationList section */
	};
	rootObject = D8CF10FB2D5ADD25009D296F /* Project object */;
}
