// !$*UTF8*$!
{
	archiveVersion = 1;
	classes = {
	};
	objectVersion = 77;
	objects = {

/* Begin PBXContainerItemProxy section */
		D822E3FC2D5CE466008191A0 /* PBXContainerItemProxy */ = {
			isa = PBXContainerItemProxy;
			containerPortal = D822E3E32D5CE465008191A0 /* Project object */;
			proxyType = 1;
			remoteGlobalIDString = D822E3EA2D5CE465008191A0;
			remoteInfo = SwiftUIDay04Practice01;
		};
		D822E4062D5CE466008191A0 /* PBXContainerItemProxy */ = {
			isa = PBXContainerItemProxy;
			containerPortal = D822E3E32D5CE465008191A0 /* Project object */;
			proxyType = 1;
			remoteGlobalIDString = D822E3EA2D5CE465008191A0;
			remoteInfo = SwiftUIDay04Practice01;
		};
/* End PBXContainerItemProxy section */

/* Begin PBXFileReference section */
		D822E3EB2D5CE465008191A0 /* SwiftUIDay04Practice01.app */ = {isa = PBXFileReference; explicitFileType = wrapper.application; includeInIndex = 0; path = SwiftUIDay04Practice01.app; sourceTree = BUILT_PRODUCTS_DIR; };
		D822E3FB2D5CE466008191A0 /* SwiftUIDay04Practice01Tests.xctest */ = {isa = PBXFileReference; explicitFileType = wrapper.cfbundle; includeInIndex = 0; path = SwiftUIDay04Practice01Tests.xctest; sourceTree = BUILT_PRODUCTS_DIR; };
		D822E4052D5CE466008191A0 /* SwiftUIDay04Practice01UITests.xctest */ = {isa = PBXFileReference; explicitFileType = wrapper.cfbundle; includeInIndex = 0; path = SwiftUIDay04Practice01UITests.xctest; sourceTree = BUILT_PRODUCTS_DIR; };
/* End PBXFileReference section */

/* Begin PBXFileSystemSynchronizedRootGroup section */
		D822E3ED2D5CE465008191A0 /* SwiftUIDay04Practice01 */ = {
			isa = PBXFileSystemSynchronizedRootGroup;
			path = SwiftUIDay04Practice01;
			sourceTree = "<group>";
		};
		D822E3FE2D5CE466008191A0 /* SwiftUIDay04Practice01Tests */ = {
			isa = PBXFileSystemSynchronizedRootGroup;
			path = SwiftUIDay04Practice01Tests;
			sourceTree = "<group>";
		};
		D822E4082D5CE466008191A0 /* SwiftUIDay04Practice01UITests */ = {
			isa = PBXFileSystemSynchronizedRootGroup;
			path = SwiftUIDay04Practice01UITests;
			sourceTree = "<group>";
		};
/* End PBXFileSystemSynchronizedRootGroup section */

/* Begin PBXFrameworksBuildPhase section */
		D822E3E82D5CE465008191A0 /* Frameworks */ = {
			isa = PBXFrameworksBuildPhase;
			buildActionMask = 2147483647;
			files = (
			);
			runOnlyForDeploymentPostprocessing = 0;
		};
		D822E3F82D5CE466008191A0 /* Frameworks */ = {
			isa = PBXFrameworksBuildPhase;
			buildActionMask = 2147483647;
			files = (
			);
			runOnlyForDeploymentPostprocessing = 0;
		};
		D822E4022D5CE466008191A0 /* Frameworks */ = {
			isa = PBXFrameworksBuildPhase;
			buildActionMask = 2147483647;
			files = (
			);
			runOnlyForDeploymentPostprocessing = 0;
		};
/* End PBXFrameworksBuildPhase section */

/* Begin PBXGroup section */
		D822E3E22D5CE465008191A0 = {
			isa = PBXGroup;
			children = (
				D822E3ED2D5CE465008191A0 /* SwiftUIDay04Practice01 */,
				D822E3FE2D5CE466008191A0 /* SwiftUIDay04Practice01Tests */,
				D822E4082D5CE466008191A0 /* SwiftUIDay04Practice01UITests */,
				D822E3EC2D5CE465008191A0 /* Products */,
			);
			sourceTree = "<group>";
		};
		D822E3EC2D5CE465008191A0 /* Products */ = {
			isa = PBXGroup;
			children = (
				D822E3EB2D5CE465008191A0 /* SwiftUIDay04Practice01.app */,
				D822E3FB2D5CE466008191A0 /* SwiftUIDay04Practice01Tests.xctest */,
				D822E4052D5CE466008191A0 /* SwiftUIDay04Practice01UITests.xctest */,
			);
			name = Products;
			sourceTree = "<group>";
		};
/* End PBXGroup section */

/* Begin PBXNativeTarget section */
		D822E3EA2D5CE465008191A0 /* SwiftUIDay04Practice01 */ = {
			isa = PBXNativeTarget;
			buildConfigurationList = D822E40F2D5CE466008191A0 /* Build configuration list for PBXNativeTarget "SwiftUIDay04Practice01" */;
			buildPhases = (
				D822E3E72D5CE465008191A0 /* Sources */,
				D822E3E82D5CE465008191A0 /* Frameworks */,
				D822E3E92D5CE465008191A0 /* Resources */,
			);
			buildRules = (
			);
			dependencies = (
			);
			fileSystemSynchronizedGroups = (
				D822E3ED2D5CE465008191A0 /* SwiftUIDay04Practice01 */,
			);
			name = SwiftUIDay04Practice01;
			packageProductDependencies = (
			);
			productName = SwiftUIDay04Practice01;
			productReference = D822E3EB2D5CE465008191A0 /* SwiftUIDay04Practice01.app */;
			productType = "com.apple.product-type.application";
		};
		D822E3FA2D5CE466008191A0 /* SwiftUIDay04Practice01Tests */ = {
			isa = PBXNativeTarget;
			buildConfigurationList = D822E4122D5CE466008191A0 /* Build configuration list for PBXNativeTarget "SwiftUIDay04Practice01Tests" */;
			buildPhases = (
				D822E3F72D5CE466008191A0 /* Sources */,
				D822E3F82D5CE466008191A0 /* Frameworks */,
				D822E3F92D5CE466008191A0 /* Resources */,
			);
			buildRules = (
			);
			dependencies = (
				D822E3FD2D5CE466008191A0 /* PBXTargetDependency */,
			);
			fileSystemSynchronizedGroups = (
				D822E3FE2D5CE466008191A0 /* SwiftUIDay04Practice01Tests */,
			);
			name = SwiftUIDay04Practice01Tests;
			packageProductDependencies = (
			);
			productName = SwiftUIDay04Practice01Tests;
			productReference = D822E3FB2D5CE466008191A0 /* SwiftUIDay04Practice01Tests.xctest */;
			productType = "com.apple.product-type.bundle.unit-test";
		};
		D822E4042D5CE466008191A0 /* SwiftUIDay04Practice01UITests */ = {
			isa = PBXNativeTarget;
			buildConfigurationList = D822E4152D5CE466008191A0 /* Build configuration list for PBXNativeTarget "SwiftUIDay04Practice01UITests" */;
			buildPhases = (
				D822E4012D5CE466008191A0 /* Sources */,
				D822E4022D5CE466008191A0 /* Frameworks */,
				D822E4032D5CE466008191A0 /* Resources */,
			);
			buildRules = (
			);
			dependencies = (
				D822E4072D5CE466008191A0 /* PBXTargetDependency */,
			);
			fileSystemSynchronizedGroups = (
				D822E4082D5CE466008191A0 /* SwiftUIDay04Practice01UITests */,
			);
			name = SwiftUIDay04Practice01UITests;
			packageProductDependencies = (
			);
			productName = SwiftUIDay04Practice01UITests;
			productReference = D822E4052D5CE466008191A0 /* SwiftUIDay04Practice01UITests.xctest */;
			productType = "com.apple.product-type.bundle.ui-testing";
		};
/* End PBXNativeTarget section */

/* Begin PBXProject section */
		D822E3E32D5CE465008191A0 /* Project object */ = {
			isa = PBXProject;
			attributes = {
				BuildIndependentTargetsInParallel = 1;
				LastSwiftUpdateCheck = 1620;
				LastUpgradeCheck = 1620;
				TargetAttributes = {
					D822E3EA2D5CE465008191A0 = {
						CreatedOnToolsVersion = 16.2;
					};
					D822E3FA2D5CE466008191A0 = {
						CreatedOnToolsVersion = 16.2;
						TestTargetID = D822E3EA2D5CE465008191A0;
					};
					D822E4042D5CE466008191A0 = {
						CreatedOnToolsVersion = 16.2;
						TestTargetID = D822E3EA2D5CE465008191A0;
					};
				};
			};
			buildConfigurationList = D822E3E62D5CE465008191A0 /* Build configuration list for PBXProject "SwiftUIDay04Practice01" */;
			developmentRegion = en;
			hasScannedForEncodings = 0;
			knownRegions = (
				en,
				Base,
			);
			mainGroup = D822E3E22D5CE465008191A0;
			minimizedProjectReferenceProxies = 1;
			preferredProjectObjectVersion = 77;
			productRefGroup = D822E3EC2D5CE465008191A0 /* Products */;
			projectDirPath = "";
			projectRoot = "";
			targets = (
				D822E3EA2D5CE465008191A0 /* SwiftUIDay04Practice01 */,
				D822E3FA2D5CE466008191A0 /* SwiftUIDay04Practice01Tests */,
				D822E4042D5CE466008191A0 /* SwiftUIDay04Practice01UITests */,
			);
		};
/* End PBXProject section */

/* Begin PBXResourcesBuildPhase section */
		D822E3E92D5CE465008191A0 /* Resources */ = {
			isa = PBXResourcesBuildPhase;
			buildActionMask = 2147483647;
			files = (
			);
			runOnlyForDeploymentPostprocessing = 0;
		};
		D822E3F92D5CE466008191A0 /* Resources */ = {
			isa = PBXResourcesBuildPhase;
			buildActionMask = 2147483647;
			files = (
			);
			runOnlyForDeploymentPostprocessing = 0;
		};
		D822E4032D5CE466008191A0 /* Resources */ = {
			isa = PBXResourcesBuildPhase;
			buildActionMask = 2147483647;
			files = (
			);
			runOnlyForDeploymentPostprocessing = 0;
		};
/* End PBXResourcesBuildPhase section */

/* Begin PBXSourcesBuildPhase section */
		D822E3E72D5CE465008191A0 /* Sources */ = {
			isa = PBXSourcesBuildPhase;
			buildActionMask = 2147483647;
			files = (
			);
			runOnlyForDeploymentPostprocessing = 0;
		};
		D822E3F72D5CE466008191A0 /* Sources */ = {
			isa = PBXSourcesBuildPhase;
			buildActionMask = 2147483647;
			files = (
			);
			runOnlyForDeploymentPostprocessing = 0;
		};
		D822E4012D5CE466008191A0 /* Sources */ = {
			isa = PBXSourcesBuildPhase;
			buildActionMask = 2147483647;
			files = (
			);
			runOnlyForDeploymentPostprocessing = 0;
		};
/* End PBXSourcesBuildPhase section */

/* Begin PBXTargetDependency section */
		D822E3FD2D5CE466008191A0 /* PBXTargetDependency */ = {
			isa = PBXTargetDependency;
			target = D822E3EA2D5CE465008191A0 /* SwiftUIDay04Practice01 */;
			targetProxy = D822E3FC2D5CE466008191A0 /* PBXContainerItemProxy */;
		};
		D822E4072D5CE466008191A0 /* PBXTargetDependency */ = {
			isa = PBXTargetDependency;
			target = D822E3EA2D5CE465008191A0 /* SwiftUIDay04Practice01 */;
			targetProxy = D822E4062D5CE466008191A0 /* PBXContainerItemProxy */;
		};
/* End PBXTargetDependency section */

/* Begin XCBuildConfiguration section */
		D822E40D2D5CE466008191A0 /* Debug */ = {
			isa = XCBuildConfiguration;
			buildSettings = {
				ALWAYS_SEARCH_USER_PATHS = NO;
				ASSETCATALOG_COMPILER_GENERATE_SWIFT_ASSET_SYMBOL_EXTENSIONS = YES;
				CLANG_ANALYZER_NONNULL = YES;
				CLANG_ANALYZER_NUMBER_OBJECT_CONVERSION = YES_AGGRESSIVE;
				CLANG_CXX_LANGUAGE_STANDARD = "gnu++20";
				CLANG_ENABLE_MODULES = YES;
				CLANG_ENABLE_OBJC_ARC = YES;
				CLANG_ENABLE_OBJC_WEAK = YES;
				CLANG_WARN_BLOCK_CAPTURE_AUTORELEASING = YES;
				CLANG_WARN_BOOL_CONVERSION = YES;
				CLANG_WARN_COMMA = YES;
				CLANG_WARN_CONSTANT_CONVERSION = YES;
				CLANG_WARN_DEPRECATED_OBJC_IMPLEMENTATIONS = YES;
				CLANG_WARN_DIRECT_OBJC_ISA_USAGE = YES_ERROR;
				CLANG_WARN_DOCUMENTATION_COMMENTS = YES;
				CLANG_WARN_EMPTY_BODY = YES;
				CLANG_WARN_ENUM_CONVERSION = YES;
				CLANG_WARN_INFINITE_RECURSION = YES;
				CLANG_WARN_INT_CONVERSION = YES;
				CLANG_WARN_NON_LITERAL_NULL_CONVERSION = YES;
				CLANG_WARN_OBJC_IMPLICIT_RETAIN_SELF = YES;
				CLANG_WARN_OBJC_LITERAL_CONVERSION = YES;
				CLANG_WARN_OBJC_ROOT_CLASS = YES_ERROR;
				CLANG_WARN_QUOTED_INCLUDE_IN_FRAMEWORK_HEADER = YES;
				CLANG_WARN_RANGE_LOOP_ANALYSIS = YES;
				CLANG_WARN_STRICT_PROTOTYPES = YES;
				CLANG_WARN_SUSPICIOUS_MOVE = YES;
				CLANG_WARN_UNGUARDED_AVAILABILITY = YES_AGGRESSIVE;
				CLANG_WARN_UNREACHABLE_CODE = YES;
				CLANG_WARN__DUPLICATE_METHOD_MATCH = YES;
				COPY_PHASE_STRIP = NO;
				DEBUG_INFORMATION_FORMAT = dwarf;
				ENABLE_STRICT_OBJC_MSGSEND = YES;
				ENABLE_TESTABILITY = YES;
				ENABLE_USER_SCRIPT_SANDBOXING = YES;
				GCC_C_LANGUAGE_STANDARD = gnu17;
				GCC_DYNAMIC_NO_PIC = NO;
				GCC_NO_COMMON_BLOCKS = YES;
				GCC_OPTIMIZATION_LEVEL = 0;
				GCC_PREPROCESSOR_DEFINITIONS = (
					"DEBUG=1",
					"$(inherited)",
				);
				GCC_WARN_64_TO_32_BIT_CONVERSION = YES;
				GCC_WARN_ABOUT_RETURN_TYPE = YES_ERROR;
				GCC_WARN_UNDECLARED_SELECTOR = YES;
				GCC_WARN_UNINITIALIZED_AUTOS = YES_AGGRESSIVE;
				GCC_WARN_UNUSED_FUNCTION = YES;
				GCC_WARN_UNUSED_VARIABLE = YES;
				IPHONEOS_DEPLOYMENT_TARGET = 18.2;
				LOCALIZATION_PREFERS_STRING_CATALOGS = YES;
				MTL_ENABLE_DEBUG_INFO = INCLUDE_SOURCE;
				MTL_FAST_MATH = YES;
				ONLY_ACTIVE_ARCH = YES;
				SDKROOT = iphoneos;
				SWIFT_ACTIVE_COMPILATION_CONDITIONS = "DEBUG $(inherited)";
				SWIFT_OPTIMIZATION_LEVEL = "-Onone";
			};
			name = Debug;
		};
		D822E40E2D5CE466008191A0 /* Release */ = {
			isa = XCBuildConfiguration;
			buildSettings = {
				ALWAYS_SEARCH_USER_PATHS = NO;
				ASSETCATALOG_COMPILER_GENERATE_SWIFT_ASSET_SYMBOL_EXTENSIONS = YES;
				CLANG_ANALYZER_NONNULL = YES;
				CLANG_ANALYZER_NUMBER_OBJECT_CONVERSION = YES_AGGRESSIVE;
				CLANG_CXX_LANGUAGE_STANDARD = "gnu++20";
				CLANG_ENABLE_MODULES = YES;
				CLANG_ENABLE_OBJC_ARC = YES;
				CLANG_ENABLE_OBJC_WEAK = YES;
				CLANG_WARN_BLOCK_CAPTURE_AUTORELEASING = YES;
				CLANG_WARN_BOOL_CONVERSION = YES;
				CLANG_WARN_COMMA = YES;
				CLANG_WARN_CONSTANT_CONVERSION = YES;
				CLANG_WARN_DEPRECATED_OBJC_IMPLEMENTATIONS = YES;
				CLANG_WARN_DIRECT_OBJC_ISA_USAGE = YES_ERROR;
				CLANG_WARN_DOCUMENTATION_COMMENTS = YES;
				CLANG_WARN_EMPTY_BODY = YES;
				CLANG_WARN_ENUM_CONVERSION = YES;
				CLANG_WARN_INFINITE_RECURSION = YES;
				CLANG_WARN_INT_CONVERSION = YES;
				CLANG_WARN_NON_LITERAL_NULL_CONVERSION = YES;
				CLANG_WARN_OBJC_IMPLICIT_RETAIN_SELF = YES;
				CLANG_WARN_OBJC_LITERAL_CONVERSION = YES;
				CLANG_WARN_OBJC_ROOT_CLASS = YES_ERROR;
				CLANG_WARN_QUOTED_INCLUDE_IN_FRAMEWORK_HEADER = YES;
				CLANG_WARN_RANGE_LOOP_ANALYSIS = YES;
				CLANG_WARN_STRICT_PROTOTYPES = YES;
				CLANG_WARN_SUSPICIOUS_MOVE = YES;
				CLANG_WARN_UNGUARDED_AVAILABILITY = YES_AGGRESSIVE;
				CLANG_WARN_UNREACHABLE_CODE = YES;
				CLANG_WARN__DUPLICATE_METHOD_MATCH = YES;
				COPY_PHASE_STRIP = NO;
				DEBUG_INFORMATION_FORMAT = "dwarf-with-dsym";
				ENABLE_NS_ASSERTIONS = NO;
				ENABLE_STRICT_OBJC_MSGSEND = YES;
				ENABLE_USER_SCRIPT_SANDBOXING = YES;
				GCC_C_LANGUAGE_STANDARD = gnu17;
				GCC_NO_COMMON_BLOCKS = YES;
				GCC_WARN_64_TO_32_BIT_CONVERSION = YES;
				GCC_WARN_ABOUT_RETURN_TYPE = YES_ERROR;
				GCC_WARN_UNDECLARED_SELECTOR = YES;
				GCC_WARN_UNINITIALIZED_AUTOS = YES_AGGRESSIVE;
				GCC_WARN_UNUSED_FUNCTION = YES;
				GCC_WARN_UNUSED_VARIABLE = YES;
				IPHONEOS_DEPLOYMENT_TARGET = 18.2;
				LOCALIZATION_PREFERS_STRING_CATALOGS = YES;
				MTL_ENABLE_DEBUG_INFO = NO;
				MTL_FAST_MATH = YES;
				SDKROOT = iphoneos;
				SWIFT_COMPILATION_MODE = wholemodule;
				VALIDATE_PRODUCT = YES;
			};
			name = Release;
		};
		D822E4102D5CE466008191A0 /* Debug */ = {
			isa = XCBuildConfiguration;
			buildSettings = {
				ASSETCATALOG_COMPILER_APPICON_NAME = AppIcon;
				ASSETCATALOG_COMPILER_GLOBAL_ACCENT_COLOR_NAME = AccentColor;
				CODE_SIGN_STYLE = Automatic;
				CURRENT_PROJECT_VERSION = 1;
				DEVELOPMENT_ASSET_PATHS = "\"SwiftUIDay04Practice01/Preview Content\"";
				DEVELOPMENT_TEAM = C8K6GA5ZH9;
				ENABLE_PREVIEWS = YES;
				GENERATE_INFOPLIST_FILE = YES;
				INFOPLIST_KEY_UIApplicationSceneManifest_Generation = YES;
				INFOPLIST_KEY_UIApplicationSupportsIndirectInputEvents = YES;
				INFOPLIST_KEY_UILaunchScreen_Generation = YES;
				INFOPLIST_KEY_UISupportedInterfaceOrientations_iPad = "UIInterfaceOrientationPortrait UIInterfaceOrientationPortraitUpsideDown UIInterfaceOrientationLandscapeLeft UIInterfaceOrientationLandscapeRight";
				INFOPLIST_KEY_UISupportedInterfaceOrientations_iPhone = "UIInterfaceOrientationPortrait UIInterfaceOrientationLandscapeLeft UIInterfaceOrientationLandscapeRight";
				LD_RUNPATH_SEARCH_PATHS = (
					"$(inherited)",
					"@executable_path/Frameworks",
				);
				MARKETING_VERSION = 1.0;
				PRODUCT_BUNDLE_IDENTIFIER = org.comstudy.myapp.SwiftUIDay04Practice01;
				PRODUCT_NAME = "$(TARGET_NAME)";
				SWIFT_EMIT_LOC_STRINGS = YES;
				SWIFT_VERSION = 5.0;
				TARGETED_DEVICE_FAMILY = "1,2";
			};
			name = Debug;
		};
		D822E4112D5CE466008191A0 /* Release */ = {
			isa = XCBuildConfiguration;
			buildSettings = {
				ASSETCATALOG_COMPILER_APPICON_NAME = AppIcon;
				ASSETCATALOG_COMPILER_GLOBAL_ACCENT_COLOR_NAME = AccentColor;
				CODE_SIGN_STYLE = Automatic;
				CURRENT_PROJECT_VERSION = 1;
				DEVELOPMENT_ASSET_PATHS = "\"SwiftUIDay04Practice01/Preview Content\"";
				DEVELOPMENT_TEAM = C8K6GA5ZH9;
				ENABLE_PREVIEWS = YES;
				GENERATE_INFOPLIST_FILE = YES;
				INFOPLIST_KEY_UIApplicationSceneManifest_Generation = YES;
				INFOPLIST_KEY_UIApplicationSupportsIndirectInputEvents = YES;
				INFOPLIST_KEY_UILaunchScreen_Generation = YES;
				INFOPLIST_KEY_UISupportedInterfaceOrientations_iPad = "UIInterfaceOrientationPortrait UIInterfaceOrientationPortraitUpsideDown UIInterfaceOrientationLandscapeLeft UIInterfaceOrientationLandscapeRight";
				INFOPLIST_KEY_UISupportedInterfaceOrientations_iPhone = "UIInterfaceOrientationPortrait UIInterfaceOrientationLandscapeLeft UIInterfaceOrientationLandscapeRight";
				LD_RUNPATH_SEARCH_PATHS = (
					"$(inherited)",
					"@executable_path/Frameworks",
				);
				MARKETING_VERSION = 1.0;
				PRODUCT_BUNDLE_IDENTIFIER = org.comstudy.myapp.SwiftUIDay04Practice01;
				PRODUCT_NAME = "$(TARGET_NAME)";
				SWIFT_EMIT_LOC_STRINGS = YES;
				SWIFT_VERSION = 5.0;
				TARGETED_DEVICE_FAMILY = "1,2";
			};
			name = Release;
		};
		D822E4132D5CE466008191A0 /* Debug */ = {
			isa = XCBuildConfiguration;
			buildSettings = {
				BUNDLE_LOADER = "$(TEST_HOST)";
				CODE_SIGN_STYLE = Automatic;
				CURRENT_PROJECT_VERSION = 1;
				DEVELOPMENT_TEAM = C8K6GA5ZH9;
				GENERATE_INFOPLIST_FILE = YES;
				IPHONEOS_DEPLOYMENT_TARGET = 18.2;
				MARKETING_VERSION = 1.0;
				PRODUCT_BUNDLE_IDENTIFIER = org.comstudy.myapp.SwiftUIDay04Practice01Tests;
				PRODUCT_NAME = "$(TARGET_NAME)";
				SWIFT_EMIT_LOC_STRINGS = NO;
				SWIFT_VERSION = 5.0;
				TARGETED_DEVICE_FAMILY = "1,2";
				TEST_HOST = "$(BUILT_PRODUCTS_DIR)/SwiftUIDay04Practice01.app/$(BUNDLE_EXECUTABLE_FOLDER_PATH)/SwiftUIDay04Practice01";
			};
			name = Debug;
		};
		D822E4142D5CE466008191A0 /* Release */ = {
			isa = XCBuildConfiguration;
			buildSettings = {
				BUNDLE_LOADER = "$(TEST_HOST)";
				CODE_SIGN_STYLE = Automatic;
				CURRENT_PROJECT_VERSION = 1;
				DEVELOPMENT_TEAM = C8K6GA5ZH9;
				GENERATE_INFOPLIST_FILE = YES;
				IPHONEOS_DEPLOYMENT_TARGET = 18.2;
				MARKETING_VERSION = 1.0;
				PRODUCT_BUNDLE_IDENTIFIER = org.comstudy.myapp.SwiftUIDay04Practice01Tests;
				PRODUCT_NAME = "$(TARGET_NAME)";
				SWIFT_EMIT_LOC_STRINGS = NO;
				SWIFT_VERSION = 5.0;
				TARGETED_DEVICE_FAMILY = "1,2";
				TEST_HOST = "$(BUILT_PRODUCTS_DIR)/SwiftUIDay04Practice01.app/$(BUNDLE_EXECUTABLE_FOLDER_PATH)/SwiftUIDay04Practice01";
			};
			name = Release;
		};
		D822E4162D5CE466008191A0 /* Debug */ = {
			isa = XCBuildConfiguration;
			buildSettings = {
				CODE_SIGN_STYLE = Automatic;
				CURRENT_PROJECT_VERSION = 1;
				DEVELOPMENT_TEAM = C8K6GA5ZH9;
				GENERATE_INFOPLIST_FILE = YES;
				MARKETING_VERSION = 1.0;
				PRODUCT_BUNDLE_IDENTIFIER = org.comstudy.myapp.SwiftUIDay04Practice01UITests;
				PRODUCT_NAME = "$(TARGET_NAME)";
				SWIFT_EMIT_LOC_STRINGS = NO;
				SWIFT_VERSION = 5.0;
				TARGETED_DEVICE_FAMILY = "1,2";
				TEST_TARGET_NAME = SwiftUIDay04Practice01;
			};
			name = Debug;
		};
		D822E4172D5CE466008191A0 /* Release */ = {
			isa = XCBuildConfiguration;
			buildSettings = {
				CODE_SIGN_STYLE = Automatic;
				CURRENT_PROJECT_VERSION = 1;
				DEVELOPMENT_TEAM = C8K6GA5ZH9;
				GENERATE_INFOPLIST_FILE = YES;
				MARKETING_VERSION = 1.0;
				PRODUCT_BUNDLE_IDENTIFIER = org.comstudy.myapp.SwiftUIDay04Practice01UITests;
				PRODUCT_NAME = "$(TARGET_NAME)";
				SWIFT_EMIT_LOC_STRINGS = NO;
				SWIFT_VERSION = 5.0;
				TARGETED_DEVICE_FAMILY = "1,2";
				TEST_TARGET_NAME = SwiftUIDay04Practice01;
			};
			name = Release;
		};
/* End XCBuildConfiguration section */

/* Begin XCConfigurationList section */
		D822E3E62D5CE465008191A0 /* Build configuration list for PBXProject "SwiftUIDay04Practice01" */ = {
			isa = XCConfigurationList;
			buildConfigurations = (
				D822E40D2D5CE466008191A0 /* Debug */,
				D822E40E2D5CE466008191A0 /* Release */,
			);
			defaultConfigurationIsVisible = 0;
			defaultConfigurationName = Release;
		};
		D822E40F2D5CE466008191A0 /* Build configuration list for PBXNativeTarget "SwiftUIDay04Practice01" */ = {
			isa = XCConfigurationList;
			buildConfigurations = (
				D822E4102D5CE466008191A0 /* Debug */,
				D822E4112D5CE466008191A0 /* Release */,
			);
			defaultConfigurationIsVisible = 0;
			defaultConfigurationName = Release;
		};
		D822E4122D5CE466008191A0 /* Build configuration list for PBXNativeTarget "SwiftUIDay04Practice01Tests" */ = {
			isa = XCConfigurationList;
			buildConfigurations = (
				D822E4132D5CE466008191A0 /* Debug */,
				D822E4142D5CE466008191A0 /* Release */,
			);
			defaultConfigurationIsVisible = 0;
			defaultConfigurationName = Release;
		};
		D822E4152D5CE466008191A0 /* Build configuration list for PBXNativeTarget "SwiftUIDay04Practice01UITests" */ = {
			isa = XCConfigurationList;
			buildConfigurations = (
				D822E4162D5CE466008191A0 /* Debug */,
				D822E4172D5CE466008191A0 /* Release */,
			);
			defaultConfigurationIsVisible = 0;
			defaultConfigurationName = Release;
		};
/* End XCConfigurationList section */
	};
	rootObject = D822E3E32D5CE465008191A0 /* Project object */;
}
