// !$*UTF8*$!
{
	archiveVersion = 1;
	classes = {
	};
	objectVersion = 77;
	objects = {

/* Begin PBXContainerItemProxy section */
		D8E5958E2D3FE2E200B477B6 /* PBXContainerItemProxy */ = {
			isa = PBXContainerItemProxy;
			containerPortal = D8E595752D3FE2E100B477B6 /* Project object */;
			proxyType = 1;
			remoteGlobalIDString = D8E5957C2D3FE2E100B477B6;
			remoteInfo = ELIZA_SwiftUI;
		};
		D8E595982D3FE2E200B477B6 /* PBXContainerItemProxy */ = {
			isa = PBXContainerItemProxy;
			containerPortal = D8E595752D3FE2E100B477B6 /* Project object */;
			proxyType = 1;
			remoteGlobalIDString = D8E5957C2D3FE2E100B477B6;
			remoteInfo = ELIZA_SwiftUI;
		};
/* End PBXContainerItemProxy section */

/* Begin PBXFileReference section */
		D8E5957D2D3FE2E100B477B6 /* ELIZA_SwiftUI.app */ = {isa = PBXFileReference; explicitFileType = wrapper.application; includeInIndex = 0; path = ELIZA_SwiftUI.app; sourceTree = BUILT_PRODUCTS_DIR; };
		D8E5958D2D3FE2E200B477B6 /* ELIZA_SwiftUITests.xctest */ = {isa = PBXFileReference; explicitFileType = wrapper.cfbundle; includeInIndex = 0; path = ELIZA_SwiftUITests.xctest; sourceTree = BUILT_PRODUCTS_DIR; };
		D8E595972D3FE2E200B477B6 /* ELIZA_SwiftUIUITests.xctest */ = {isa = PBXFileReference; explicitFileType = wrapper.cfbundle; includeInIndex = 0; path = ELIZA_SwiftUIUITests.xctest; sourceTree = BUILT_PRODUCTS_DIR; };
/* End PBXFileReference section */

/* Begin PBXFileSystemSynchronizedRootGroup section */
		D8E5957F2D3FE2E100B477B6 /* ELIZA_SwiftUI */ = {
			isa = PBXFileSystemSynchronizedRootGroup;
			path = ELIZA_SwiftUI;
			sourceTree = "<group>";
		};
		D8E595902D3FE2E200B477B6 /* ELIZA_SwiftUITests */ = {
			isa = PBXFileSystemSynchronizedRootGroup;
			path = ELIZA_SwiftUITests;
			sourceTree = "<group>";
		};
		D8E5959A2D3FE2E200B477B6 /* ELIZA_SwiftUIUITests */ = {
			isa = PBXFileSystemSynchronizedRootGroup;
			path = ELIZA_SwiftUIUITests;
			sourceTree = "<group>";
		};
/* End PBXFileSystemSynchronizedRootGroup section */

/* Begin PBXFrameworksBuildPhase section */
		D8E5957A2D3FE2E100B477B6 /* Frameworks */ = {
			isa = PBXFrameworksBuildPhase;
			buildActionMask = 2147483647;
			files = (
			);
			runOnlyForDeploymentPostprocessing = 0;
		};
		D8E5958A2D3FE2E200B477B6 /* Frameworks */ = {
			isa = PBXFrameworksBuildPhase;
			buildActionMask = 2147483647;
			files = (
			);
			runOnlyForDeploymentPostprocessing = 0;
		};
		D8E595942D3FE2E200B477B6 /* Frameworks */ = {
			isa = PBXFrameworksBuildPhase;
			buildActionMask = 2147483647;
			files = (
			);
			runOnlyForDeploymentPostprocessing = 0;
		};
/* End PBXFrameworksBuildPhase section */

/* Begin PBXGroup section */
		D8E595742D3FE2E100B477B6 = {
			isa = PBXGroup;
			children = (
				D8E5957F2D3FE2E100B477B6 /* ELIZA_SwiftUI */,
				D8E595902D3FE2E200B477B6 /* ELIZA_SwiftUITests */,
				D8E5959A2D3FE2E200B477B6 /* ELIZA_SwiftUIUITests */,
				D8E5957E2D3FE2E100B477B6 /* Products */,
			);
			sourceTree = "<group>";
		};
		D8E5957E2D3FE2E100B477B6 /* Products */ = {
			isa = PBXGroup;
			children = (
				D8E5957D2D3FE2E100B477B6 /* ELIZA_SwiftUI.app */,
				D8E5958D2D3FE2E200B477B6 /* ELIZA_SwiftUITests.xctest */,
				D8E595972D3FE2E200B477B6 /* ELIZA_SwiftUIUITests.xctest */,
			);
			name = Products;
			sourceTree = "<group>";
		};
/* End PBXGroup section */

/* Begin PBXNativeTarget section */
		D8E5957C2D3FE2E100B477B6 /* ELIZA_SwiftUI */ = {
			isa = PBXNativeTarget;
			buildConfigurationList = D8E595A12D3FE2E200B477B6 /* Build configuration list for PBXNativeTarget "ELIZA_SwiftUI" */;
			buildPhases = (
				D8E595792D3FE2E100B477B6 /* Sources */,
				D8E5957A2D3FE2E100B477B6 /* Frameworks */,
				D8E5957B2D3FE2E100B477B6 /* Resources */,
			);
			buildRules = (
			);
			dependencies = (
			);
			fileSystemSynchronizedGroups = (
				D8E5957F2D3FE2E100B477B6 /* ELIZA_SwiftUI */,
			);
			name = ELIZA_SwiftUI;
			packageProductDependencies = (
			);
			productName = ELIZA_SwiftUI;
			productReference = D8E5957D2D3FE2E100B477B6 /* ELIZA_SwiftUI.app */;
			productType = "com.apple.product-type.application";
		};
		D8E5958C2D3FE2E200B477B6 /* ELIZA_SwiftUITests */ = {
			isa = PBXNativeTarget;
			buildConfigurationList = D8E595A42D3FE2E200B477B6 /* Build configuration list for PBXNativeTarget "ELIZA_SwiftUITests" */;
			buildPhases = (
				D8E595892D3FE2E200B477B6 /* Sources */,
				D8E5958A2D3FE2E200B477B6 /* Frameworks */,
				D8E5958B2D3FE2E200B477B6 /* Resources */,
			);
			buildRules = (
			);
			dependencies = (
				D8E5958F2D3FE2E200B477B6 /* PBXTargetDependency */,
			);
			fileSystemSynchronizedGroups = (
				D8E595902D3FE2E200B477B6 /* ELIZA_SwiftUITests */,
			);
			name = ELIZA_SwiftUITests;
			packageProductDependencies = (
			);
			productName = ELIZA_SwiftUITests;
			productReference = D8E5958D2D3FE2E200B477B6 /* ELIZA_SwiftUITests.xctest */;
			productType = "com.apple.product-type.bundle.unit-test";
		};
		D8E595962D3FE2E200B477B6 /* ELIZA_SwiftUIUITests */ = {
			isa = PBXNativeTarget;
			buildConfigurationList = D8E595A72D3FE2E200B477B6 /* Build configuration list for PBXNativeTarget "ELIZA_SwiftUIUITests" */;
			buildPhases = (
				D8E595932D3FE2E200B477B6 /* Sources */,
				D8E595942D3FE2E200B477B6 /* Frameworks */,
				D8E595952D3FE2E200B477B6 /* Resources */,
			);
			buildRules = (
			);
			dependencies = (
				D8E595992D3FE2E200B477B6 /* PBXTargetDependency */,
			);
			fileSystemSynchronizedGroups = (
				D8E5959A2D3FE2E200B477B6 /* ELIZA_SwiftUIUITests */,
			);
			name = ELIZA_SwiftUIUITests;
			packageProductDependencies = (
			);
			productName = ELIZA_SwiftUIUITests;
			productReference = D8E595972D3FE2E200B477B6 /* ELIZA_SwiftUIUITests.xctest */;
			productType = "com.apple.product-type.bundle.ui-testing";
		};
/* End PBXNativeTarget section */

/* Begin PBXProject section */
		D8E595752D3FE2E100B477B6 /* Project object */ = {
			isa = PBXProject;
			attributes = {
				BuildIndependentTargetsInParallel = 1;
				LastSwiftUpdateCheck = 1620;
				LastUpgradeCheck = 1620;
				TargetAttributes = {
					D8E5957C2D3FE2E100B477B6 = {
						CreatedOnToolsVersion = 16.2;
					};
					D8E5958C2D3FE2E200B477B6 = {
						CreatedOnToolsVersion = 16.2;
						TestTargetID = D8E5957C2D3FE2E100B477B6;
					};
					D8E595962D3FE2E200B477B6 = {
						CreatedOnToolsVersion = 16.2;
						TestTargetID = D8E5957C2D3FE2E100B477B6;
					};
				};
			};
			buildConfigurationList = D8E595782D3FE2E100B477B6 /* Build configuration list for PBXProject "ELIZA_SwiftUI" */;
			developmentRegion = en;
			hasScannedForEncodings = 0;
			knownRegions = (
				en,
				Base,
			);
			mainGroup = D8E595742D3FE2E100B477B6;
			minimizedProjectReferenceProxies = 1;
			preferredProjectObjectVersion = 77;
			productRefGroup = D8E5957E2D3FE2E100B477B6 /* Products */;
			projectDirPath = "";
			projectRoot = "";
			targets = (
				D8E5957C2D3FE2E100B477B6 /* ELIZA_SwiftUI */,
				D8E5958C2D3FE2E200B477B6 /* ELIZA_SwiftUITests */,
				D8E595962D3FE2E200B477B6 /* ELIZA_SwiftUIUITests */,
			);
		};
/* End PBXProject section */

/* Begin PBXResourcesBuildPhase section */
		D8E5957B2D3FE2E100B477B6 /* Resources */ = {
			isa = PBXResourcesBuildPhase;
			buildActionMask = 2147483647;
			files = (
			);
			runOnlyForDeploymentPostprocessing = 0;
		};
		D8E5958B2D3FE2E200B477B6 /* Resources */ = {
			isa = PBXResourcesBuildPhase;
			buildActionMask = 2147483647;
			files = (
			);
			runOnlyForDeploymentPostprocessing = 0;
		};
		D8E595952D3FE2E200B477B6 /* Resources */ = {
			isa = PBXResourcesBuildPhase;
			buildActionMask = 2147483647;
			files = (
			);
			runOnlyForDeploymentPostprocessing = 0;
		};
/* End PBXResourcesBuildPhase section */

/* Begin PBXSourcesBuildPhase section */
		D8E595792D3FE2E100B477B6 /* Sources */ = {
			isa = PBXSourcesBuildPhase;
			buildActionMask = 2147483647;
			files = (
			);
			runOnlyForDeploymentPostprocessing = 0;
		};
		D8E595892D3FE2E200B477B6 /* Sources */ = {
			isa = PBXSourcesBuildPhase;
			buildActionMask = 2147483647;
			files = (
			);
			runOnlyForDeploymentPostprocessing = 0;
		};
		D8E595932D3FE2E200B477B6 /* Sources */ = {
			isa = PBXSourcesBuildPhase;
			buildActionMask = 2147483647;
			files = (
			);
			runOnlyForDeploymentPostprocessing = 0;
		};
/* End PBXSourcesBuildPhase section */

/* Begin PBXTargetDependency section */
		D8E5958F2D3FE2E200B477B6 /* PBXTargetDependency */ = {
			isa = PBXTargetDependency;
			target = D8E5957C2D3FE2E100B477B6 /* ELIZA_SwiftUI */;
			targetProxy = D8E5958E2D3FE2E200B477B6 /* PBXContainerItemProxy */;
		};
		D8E595992D3FE2E200B477B6 /* PBXTargetDependency */ = {
			isa = PBXTargetDependency;
			target = D8E5957C2D3FE2E100B477B6 /* ELIZA_SwiftUI */;
			targetProxy = D8E595982D3FE2E200B477B6 /* PBXContainerItemProxy */;
		};
/* End PBXTargetDependency section */

/* Begin XCBuildConfiguration section */
		D8E5959F2D3FE2E200B477B6 /* Debug */ = {
			isa = XCBuildConfiguration;
			buildSettings = {
				ALWAYS_SEARCH_USER_PATHS = NO;
				ASSETCATALOG_COMPILER_GENERATE_SWIFT_ASSET_SYMBOL_EXTENSIONS = YES;
				CLANG_ANALYZER_NONNULL = YES;
				CLANG_ANALYZER_NUMBER_OBJECT_CONVERSION = YES_AGGRESSIVE;
				CLANG_CXX_LANGUAGE_STANDARD = "gnu++20";
				CLANG_ENABLE_MODULES = YES;
				CLANG_ENABLE_OBJC_ARC = YES;
				CLANG_ENABLE_OBJC_WEAK = YES;
				CLANG_WARN_BLOCK_CAPTURE_AUTORELEASING = YES;
				CLANG_WARN_BOOL_CONVERSION = YES;
				CLANG_WARN_COMMA = YES;
				CLANG_WARN_CONSTANT_CONVERSION = YES;
				CLANG_WARN_DEPRECATED_OBJC_IMPLEMENTATIONS = YES;
				CLANG_WARN_DIRECT_OBJC_ISA_USAGE = YES_ERROR;
				CLANG_WARN_DOCUMENTATION_COMMENTS = YES;
				CLANG_WARN_EMPTY_BODY = YES;
				CLANG_WARN_ENUM_CONVERSION = YES;
				CLANG_WARN_INFINITE_RECURSION = YES;
				CLANG_WARN_INT_CONVERSION = YES;
				CLANG_WARN_NON_LITERAL_NULL_CONVERSION = YES;
				CLANG_WARN_OBJC_IMPLICIT_RETAIN_SELF = YES;
				CLANG_WARN_OBJC_LITERAL_CONVERSION = YES;
				CLANG_WARN_OBJC_ROOT_CLASS = YES_ERROR;
				CLANG_WARN_QUOTED_INCLUDE_IN_FRAMEWORK_HEADER = YES;
				CLANG_WARN_RANGE_LOOP_ANALYSIS = YES;
				CLANG_WARN_STRICT_PROTOTYPES = YES;
				CLANG_WARN_SUSPICIOUS_MOVE = YES;
				CLANG_WARN_UNGUARDED_AVAILABILITY = YES_AGGRESSIVE;
				CLANG_WARN_UNREACHABLE_CODE = YES;
				CLANG_WARN__DUPLICATE_METHOD_MATCH = YES;
				COPY_PHASE_STRIP = NO;
				DEBUG_INFORMATION_FORMAT = dwarf;
				ENABLE_STRICT_OBJC_MSGSEND = YES;
				ENABLE_TESTABILITY = YES;
				ENABLE_USER_SCRIPT_SANDBOXING = YES;
				GCC_C_LANGUAGE_STANDARD = gnu17;
				GCC_DYNAMIC_NO_PIC = NO;
				GCC_NO_COMMON_BLOCKS = YES;
				GCC_OPTIMIZATION_LEVEL = 0;
				GCC_PREPROCESSOR_DEFINITIONS = (
					"DEBUG=1",
					"$(inherited)",
				);
				GCC_WARN_64_TO_32_BIT_CONVERSION = YES;
				GCC_WARN_ABOUT_RETURN_TYPE = YES_ERROR;
				GCC_WARN_UNDECLARED_SELECTOR = YES;
				GCC_WARN_UNINITIALIZED_AUTOS = YES_AGGRESSIVE;
				GCC_WARN_UNUSED_FUNCTION = YES;
				GCC_WARN_UNUSED_VARIABLE = YES;
				IPHONEOS_DEPLOYMENT_TARGET = 18.2;
				LOCALIZATION_PREFERS_STRING_CATALOGS = YES;
				MTL_ENABLE_DEBUG_INFO = INCLUDE_SOURCE;
				MTL_FAST_MATH = YES;
				ONLY_ACTIVE_ARCH = YES;
				SDKROOT = iphoneos;
				SWIFT_ACTIVE_COMPILATION_CONDITIONS = "DEBUG $(inherited)";
				SWIFT_OPTIMIZATION_LEVEL = "-Onone";
			};
			name = Debug;
		};
		D8E595A02D3FE2E200B477B6 /* Release */ = {
			isa = XCBuildConfiguration;
			buildSettings = {
				ALWAYS_SEARCH_USER_PATHS = NO;
				ASSETCATALOG_COMPILER_GENERATE_SWIFT_ASSET_SYMBOL_EXTENSIONS = YES;
				CLANG_ANALYZER_NONNULL = YES;
				CLANG_ANALYZER_NUMBER_OBJECT_CONVERSION = YES_AGGRESSIVE;
				CLANG_CXX_LANGUAGE_STANDARD = "gnu++20";
				CLANG_ENABLE_MODULES = YES;
				CLANG_ENABLE_OBJC_ARC = YES;
				CLANG_ENABLE_OBJC_WEAK = YES;
				CLANG_WARN_BLOCK_CAPTURE_AUTORELEASING = YES;
				CLANG_WARN_BOOL_CONVERSION = YES;
				CLANG_WARN_COMMA = YES;
				CLANG_WARN_CONSTANT_CONVERSION = YES;
				CLANG_WARN_DEPRECATED_OBJC_IMPLEMENTATIONS = YES;
				CLANG_WARN_DIRECT_OBJC_ISA_USAGE = YES_ERROR;
				CLANG_WARN_DOCUMENTATION_COMMENTS = YES;
				CLANG_WARN_EMPTY_BODY = YES;
				CLANG_WARN_ENUM_CONVERSION = YES;
				CLANG_WARN_INFINITE_RECURSION = YES;
				CLANG_WARN_INT_CONVERSION = YES;
				CLANG_WARN_NON_LITERAL_NULL_CONVERSION = YES;
				CLANG_WARN_OBJC_IMPLICIT_RETAIN_SELF = YES;
				CLANG_WARN_OBJC_LITERAL_CONVERSION = YES;
				CLANG_WARN_OBJC_ROOT_CLASS = YES_ERROR;
				CLANG_WARN_QUOTED_INCLUDE_IN_FRAMEWORK_HEADER = YES;
				CLANG_WARN_RANGE_LOOP_ANALYSIS = YES;
				CLANG_WARN_STRICT_PROTOTYPES = YES;
				CLANG_WARN_SUSPICIOUS_MOVE = YES;
				CLANG_WARN_UNGUARDED_AVAILABILITY = YES_AGGRESSIVE;
				CLANG_WARN_UNREACHABLE_CODE = YES;
				CLANG_WARN__DUPLICATE_METHOD_MATCH = YES;
				COPY_PHASE_STRIP = NO;
				DEBUG_INFORMATION_FORMAT = "dwarf-with-dsym";
				ENABLE_NS_ASSERTIONS = NO;
				ENABLE_STRICT_OBJC_MSGSEND = YES;
				ENABLE_USER_SCRIPT_SANDBOXING = YES;
				GCC_C_LANGUAGE_STANDARD = gnu17;
				GCC_NO_COMMON_BLOCKS = YES;
				GCC_WARN_64_TO_32_BIT_CONVERSION = YES;
				GCC_WARN_ABOUT_RETURN_TYPE = YES_ERROR;
				GCC_WARN_UNDECLARED_SELECTOR = YES;
				GCC_WARN_UNINITIALIZED_AUTOS = YES_AGGRESSIVE;
				GCC_WARN_UNUSED_FUNCTION = YES;
				GCC_WARN_UNUSED_VARIABLE = YES;
				IPHONEOS_DEPLOYMENT_TARGET = 18.2;
				LOCALIZATION_PREFERS_STRING_CATALOGS = YES;
				MTL_ENABLE_DEBUG_INFO = NO;
				MTL_FAST_MATH = YES;
				SDKROOT = iphoneos;
				SWIFT_COMPILATION_MODE = wholemodule;
				VALIDATE_PRODUCT = YES;
			};
			name = Release;
		};
		D8E595A22D3FE2E200B477B6 /* Debug */ = {
			isa = XCBuildConfiguration;
			buildSettings = {
				ASSETCATALOG_COMPILER_APPICON_NAME = AppIcon;
				ASSETCATALOG_COMPILER_GLOBAL_ACCENT_COLOR_NAME = AccentColor;
				CODE_SIGN_STYLE = Automatic;
				CURRENT_PROJECT_VERSION = 1;
				DEVELOPMENT_ASSET_PATHS = "\"ELIZA_SwiftUI/Preview Content\"";
				DEVELOPMENT_TEAM = C8K6GA5ZH9;
				ENABLE_PREVIEWS = YES;
				GENERATE_INFOPLIST_FILE = YES;
				INFOPLIST_KEY_UIApplicationSceneManifest_Generation = YES;
				INFOPLIST_KEY_UIApplicationSupportsIndirectInputEvents = YES;
				INFOPLIST_KEY_UILaunchScreen_Generation = YES;
				INFOPLIST_KEY_UISupportedInterfaceOrientations_iPad = "UIInterfaceOrientationPortrait UIInterfaceOrientationPortraitUpsideDown UIInterfaceOrientationLandscapeLeft UIInterfaceOrientationLandscapeRight";
				INFOPLIST_KEY_UISupportedInterfaceOrientations_iPhone = "UIInterfaceOrientationPortrait UIInterfaceOrientationLandscapeLeft UIInterfaceOrientationLandscapeRight";
				LD_RUNPATH_SEARCH_PATHS = (
					"$(inherited)",
					"@executable_path/Frameworks",
				);
				MARKETING_VERSION = 1.0;
				PRODUCT_BUNDLE_IDENTIFIER = "org.comstudy.ELIZA-SwiftUI";
				PRODUCT_NAME = "$(TARGET_NAME)";
				SWIFT_EMIT_LOC_STRINGS = YES;
				SWIFT_VERSION = 5.0;
				TARGETED_DEVICE_FAMILY = "1,2";
			};
			name = Debug;
		};
		D8E595A32D3FE2E200B477B6 /* Release */ = {
			isa = XCBuildConfiguration;
			buildSettings = {
				ASSETCATALOG_COMPILER_APPICON_NAME = AppIcon;
				ASSETCATALOG_COMPILER_GLOBAL_ACCENT_COLOR_NAME = AccentColor;
				CODE_SIGN_STYLE = Automatic;
				CURRENT_PROJECT_VERSION = 1;
				DEVELOPMENT_ASSET_PATHS = "\"ELIZA_SwiftUI/Preview Content\"";
				DEVELOPMENT_TEAM = C8K6GA5ZH9;
				ENABLE_PREVIEWS = YES;
				GENERATE_INFOPLIST_FILE = YES;
				INFOPLIST_KEY_UIApplicationSceneManifest_Generation = YES;
				INFOPLIST_KEY_UIApplicationSupportsIndirectInputEvents = YES;
				INFOPLIST_KEY_UILaunchScreen_Generation = YES;
				INFOPLIST_KEY_UISupportedInterfaceOrientations_iPad = "UIInterfaceOrientationPortrait UIInterfaceOrientationPortraitUpsideDown UIInterfaceOrientationLandscapeLeft UIInterfaceOrientationLandscapeRight";
				INFOPLIST_KEY_UISupportedInterfaceOrientations_iPhone = "UIInterfaceOrientationPortrait UIInterfaceOrientationLandscapeLeft UIInterfaceOrientationLandscapeRight";
				LD_RUNPATH_SEARCH_PATHS = (
					"$(inherited)",
					"@executable_path/Frameworks",
				);
				MARKETING_VERSION = 1.0;
				PRODUCT_BUNDLE_IDENTIFIER = "org.comstudy.ELIZA-SwiftUI";
				PRODUCT_NAME = "$(TARGET_NAME)";
				SWIFT_EMIT_LOC_STRINGS = YES;
				SWIFT_VERSION = 5.0;
				TARGETED_DEVICE_FAMILY = "1,2";
			};
			name = Release;
		};
		D8E595A52D3FE2E200B477B6 /* Debug */ = {
			isa = XCBuildConfiguration;
			buildSettings = {
				BUNDLE_LOADER = "$(TEST_HOST)";
				CODE_SIGN_STYLE = Automatic;
				CURRENT_PROJECT_VERSION = 1;
				DEVELOPMENT_TEAM = C8K6GA5ZH9;
				GENERATE_INFOPLIST_FILE = YES;
				IPHONEOS_DEPLOYMENT_TARGET = 18.2;
				MARKETING_VERSION = 1.0;
				PRODUCT_BUNDLE_IDENTIFIER = "org.comstudy.ELIZA-SwiftUITests";
				PRODUCT_NAME = "$(TARGET_NAME)";
				SWIFT_EMIT_LOC_STRINGS = NO;
				SWIFT_VERSION = 5.0;
				TARGETED_DEVICE_FAMILY = "1,2";
				TEST_HOST = "$(BUILT_PRODUCTS_DIR)/ELIZA_SwiftUI.app/$(BUNDLE_EXECUTABLE_FOLDER_PATH)/ELIZA_SwiftUI";
			};
			name = Debug;
		};
		D8E595A62D3FE2E200B477B6 /* Release */ = {
			isa = XCBuildConfiguration;
			buildSettings = {
				BUNDLE_LOADER = "$(TEST_HOST)";
				CODE_SIGN_STYLE = Automatic;
				CURRENT_PROJECT_VERSION = 1;
				DEVELOPMENT_TEAM = C8K6GA5ZH9;
				GENERATE_INFOPLIST_FILE = YES;
				IPHONEOS_DEPLOYMENT_TARGET = 18.2;
				MARKETING_VERSION = 1.0;
				PRODUCT_BUNDLE_IDENTIFIER = "org.comstudy.ELIZA-SwiftUITests";
				PRODUCT_NAME = "$(TARGET_NAME)";
				SWIFT_EMIT_LOC_STRINGS = NO;
				SWIFT_VERSION = 5.0;
				TARGETED_DEVICE_FAMILY = "1,2";
				TEST_HOST = "$(BUILT_PRODUCTS_DIR)/ELIZA_SwiftUI.app/$(BUNDLE_EXECUTABLE_FOLDER_PATH)/ELIZA_SwiftUI";
			};
			name = Release;
		};
		D8E595A82D3FE2E200B477B6 /* Debug */ = {
			isa = XCBuildConfiguration;
			buildSettings = {
				CODE_SIGN_STYLE = Automatic;
				CURRENT_PROJECT_VERSION = 1;
				DEVELOPMENT_TEAM = C8K6GA5ZH9;
				GENERATE_INFOPLIST_FILE = YES;
				MARKETING_VERSION = 1.0;
				PRODUCT_BUNDLE_IDENTIFIER = "org.comstudy.ELIZA-SwiftUIUITests";
				PRODUCT_NAME = "$(TARGET_NAME)";
				SWIFT_EMIT_LOC_STRINGS = NO;
				SWIFT_VERSION = 5.0;
				TARGETED_DEVICE_FAMILY = "1,2";
				TEST_TARGET_NAME = ELIZA_SwiftUI;
			};
			name = Debug;
		};
		D8E595A92D3FE2E200B477B6 /* Release */ = {
			isa = XCBuildConfiguration;
			buildSettings = {
				CODE_SIGN_STYLE = Automatic;
				CURRENT_PROJECT_VERSION = 1;
				DEVELOPMENT_TEAM = C8K6GA5ZH9;
				GENERATE_INFOPLIST_FILE = YES;
				MARKETING_VERSION = 1.0;
				PRODUCT_BUNDLE_IDENTIFIER = "org.comstudy.ELIZA-SwiftUIUITests";
				PRODUCT_NAME = "$(TARGET_NAME)";
				SWIFT_EMIT_LOC_STRINGS = NO;
				SWIFT_VERSION = 5.0;
				TARGETED_DEVICE_FAMILY = "1,2";
				TEST_TARGET_NAME = ELIZA_SwiftUI;
			};
			name = Release;
		};
/* End XCBuildConfiguration section */

/* Begin XCConfigurationList section */
		D8E595782D3FE2E100B477B6 /* Build configuration list for PBXProject "ELIZA_SwiftUI" */ = {
			isa = XCConfigurationList;
			buildConfigurations = (
				D8E5959F2D3FE2E200B477B6 /* Debug */,
				D8E595A02D3FE2E200B477B6 /* Release */,
			);
			defaultConfigurationIsVisible = 0;
			defaultConfigurationName = Release;
		};
		D8E595A12D3FE2E200B477B6 /* Build configuration list for PBXNativeTarget "ELIZA_SwiftUI" */ = {
			isa = XCConfigurationList;
			buildConfigurations = (
				D8E595A22D3FE2E200B477B6 /* Debug */,
				D8E595A32D3FE2E200B477B6 /* Release */,
			);
			defaultConfigurationIsVisible = 0;
			defaultConfigurationName = Release;
		};
		D8E595A42D3FE2E200B477B6 /* Build configuration list for PBXNativeTarget "ELIZA_SwiftUITests" */ = {
			isa = XCConfigurationList;
			buildConfigurations = (
				D8E595A52D3FE2E200B477B6 /* Debug */,
				D8E595A62D3FE2E200B477B6 /* Release */,
			);
			defaultConfigurationIsVisible = 0;
			defaultConfigurationName = Release;
		};
		D8E595A72D3FE2E200B477B6 /* Build configuration list for PBXNativeTarget "ELIZA_SwiftUIUITests" */ = {
			isa = XCConfigurationList;
			buildConfigurations = (
				D8E595A82D3FE2E200B477B6 /* Debug */,
				D8E595A92D3FE2E200B477B6 /* Release */,
			);
			defaultConfigurationIsVisible = 0;
			defaultConfigurationName = Release;
		};
/* End XCConfigurationList section */
	};
	rootObject = D8E595752D3FE2E100B477B6 /* Project object */;
}
